
Microsoft Visual Studio Solution File, Format Version 12.00
# Visual Studio 2012
Project("{F184B08F-C81C-45F6-A57F-5ABD9991F28F}") = "VBDataTableUpdate", "VBDataTableUpdate\VBDataTableUpdate.vbproj", "{23A89E52-B83E-4E5C-9510-11174F37C39D}"
EndProject
Global
	
	GlobalSection(SolutionConfigurationPlatforms) = preSolution
		Debug|Any CPU = Debug|Any CPU
		Release|Any CPU = Release|Any CPU
	EndGlobalSection
	GlobalSection(ProjectConfigurationPlatforms) = postSolution
		{23A89E52-B83E-4E5C-9510-11174F37C39D}.Debug|Any CPU.ActiveCfg = Debug|Any CPU
		{23A89E52-B83E-4E5C-9510-11174F37C39D}.Debug|Any CPU.Build.0 = Debug|Any CPU
		{23A89E52-B83E-4E5C-9510-11174F37C39D}.Release|Any CPU.ActiveCfg = Release|Any CPU
		{23A89E52-B83E-4E5C-9510-11174F37C39D}.Release|Any CPU.Build.0 = Release|Any CPU
	EndGlobalSection
	GlobalSection(SolutionProperties) = preSolution
		HideSolutionNode = FALSE
	EndGlobalSection
EndGlobal
