
Microsoft Visual Studio Solution File, Format Version 12.00
# Visual Studio 2012
Project("{2150E333-8FDC-42A3-9474-1A3956D46DE8}") = "Documentation", "Documentation", "{20EBF640-B8CE-489B-BE8B-0DA73E262FA7}"
	ProjectSection(SolutionItems) = preProject
		CSAzureEnableCompression\Documentation\ReadMe.htm = CSAzureEnableCompression\Documentation\ReadMe.htm
	EndProjectSection
EndProject
Project("{CC5FD16D-436D-48AD-A40C-5A424C6E3E79}") = "CSAzureEnableCompression", "CSAzureEnableCompression\CSAzureEnableCompression\CSAzureEnableCompression.ccproj", "{024B27AB-88C7-43A2-8882-039F8D532CC3}"
EndProject
Project("{FAE04EC0-301F-11D3-BF4B-00C04F79EFBC}") = "EnableCompressionInAzure", "CSAzureEnableCompression\EnableCompressionInAzure\EnableCompressionInAzure.csproj", "{A567C302-E6FD-48EE-85A4-5C1771E947F7}"
EndProject
Global
	
	GlobalSection(SolutionConfigurationPlatforms) = preSolution
		Debug|Any CPU = Debug|Any CPU
		Release|Any CPU = Release|Any CPU
	EndGlobalSection
	GlobalSection(ProjectConfigurationPlatforms) = postSolution
		{024B27AB-88C7-43A2-8882-039F8D532CC3}.Debug|Any CPU.ActiveCfg = Debug|Any CPU
		{024B27AB-88C7-43A2-8882-039F8D532CC3}.Debug|Any CPU.Build.0 = Debug|Any CPU
		{024B27AB-88C7-43A2-8882-039F8D532CC3}.Release|Any CPU.ActiveCfg = Release|Any CPU
		{024B27AB-88C7-43A2-8882-039F8D532CC3}.Release|Any CPU.Build.0 = Release|Any CPU
		{A567C302-E6FD-48EE-85A4-5C1771E947F7}.Debug|Any CPU.ActiveCfg = Debug|Any CPU
		{A567C302-E6FD-48EE-85A4-5C1771E947F7}.Debug|Any CPU.Build.0 = Debug|Any CPU
		{A567C302-E6FD-48EE-85A4-5C1771E947F7}.Release|Any CPU.ActiveCfg = Release|Any CPU
		{A567C302-E6FD-48EE-85A4-5C1771E947F7}.Release|Any CPU.Build.0 = Release|Any CPU
	EndGlobalSection
	GlobalSection(SolutionProperties) = preSolution
		HideSolutionNode = FALSE
	EndGlobalSection
EndGlobal
