
Microsoft Visual Studio Solution File, Format Version 11.00
# Visual Studio 2010
Project("{FAE04EC0-301F-11D3-BF4B-00C04F79EFBC}") = "CSSL4UdpAnySourceMulticastListener", "CSSL4UdpAnySourceMulticastListener\CSSL4UdpAnySourceMulticastListener\CSSL4UdpAnySourceMulticastListener.csproj", "{73882A09-8483-4D01-BCA3-EB93B5438ECE}"
EndProject
Project("{FAE04EC0-301F-11D3-BF4B-00C04F79EFBC}") = "CSSL4UdpAnySourceMulticastListener.Web", "CSSL4UdpAnySourceMulticastListener\CSSL4UdpAnySourceMulticastListener.Web\CSSL4UdpAnySourceMulticastListener.Web.csproj", "{784BFAE7-0FB5-4B7D-BE7A-301C4EE5A166}"
EndProject
Project("{FAE04EC0-301F-11D3-BF4B-00C04F79EFBC}") = "CSSL4UdpAnySourceMulticastPolicyServer", "CSSL4UdpAnySourceMulticastListener\CSSL4UdpAnySourceMulticastPolicyServer\CSSL4UdpAnySourceMulticastPolicyServer.csproj", "{A6238475-AF79-4B8B-BF7E-C3C2B35102C2}"
EndProject
Global
	GlobalSection(SolutionConfigurationPlatforms) = preSolution
		Debug|Any CPU = Debug|Any CPU
		Debug|Mixed Platforms = Debug|Mixed Platforms
		Debug|x86 = Debug|x86
		Release|Any CPU = Release|Any CPU
		Release|Mixed Platforms = Release|Mixed Platforms
		Release|x86 = Release|x86
	EndGlobalSection
	GlobalSection(ProjectConfigurationPlatforms) = postSolution
		{73882A09-8483-4D01-BCA3-EB93B5438ECE}.Debug|Any CPU.ActiveCfg = Debug|Any CPU
		{73882A09-8483-4D01-BCA3-EB93B5438ECE}.Debug|Any CPU.Build.0 = Debug|Any CPU
		{73882A09-8483-4D01-BCA3-EB93B5438ECE}.Debug|Mixed Platforms.ActiveCfg = Debug|Any CPU
		{73882A09-8483-4D01-BCA3-EB93B5438ECE}.Debug|Mixed Platforms.Build.0 = Debug|Any CPU
		{73882A09-8483-4D01-BCA3-EB93B5438ECE}.Debug|x86.ActiveCfg = Debug|Any CPU
		{73882A09-8483-4D01-BCA3-EB93B5438ECE}.Release|Any CPU.ActiveCfg = Release|Any CPU
		{73882A09-8483-4D01-BCA3-EB93B5438ECE}.Release|Any CPU.Build.0 = Release|Any CPU
		{73882A09-8483-4D01-BCA3-EB93B5438ECE}.Release|Mixed Platforms.ActiveCfg = Release|Any CPU
		{73882A09-8483-4D01-BCA3-EB93B5438ECE}.Release|Mixed Platforms.Build.0 = Release|Any CPU
		{73882A09-8483-4D01-BCA3-EB93B5438ECE}.Release|x86.ActiveCfg = Release|Any CPU
		{784BFAE7-0FB5-4B7D-BE7A-301C4EE5A166}.Debug|Any CPU.ActiveCfg = Debug|Any CPU
		{784BFAE7-0FB5-4B7D-BE7A-301C4EE5A166}.Debug|Any CPU.Build.0 = Debug|Any CPU
		{784BFAE7-0FB5-4B7D-BE7A-301C4EE5A166}.Debug|Mixed Platforms.ActiveCfg = Debug|Any CPU
		{784BFAE7-0FB5-4B7D-BE7A-301C4EE5A166}.Debug|Mixed Platforms.Build.0 = Debug|Any CPU
		{784BFAE7-0FB5-4B7D-BE7A-301C4EE5A166}.Debug|x86.ActiveCfg = Debug|Any CPU
		{784BFAE7-0FB5-4B7D-BE7A-301C4EE5A166}.Release|Any CPU.ActiveCfg = Release|Any CPU
		{784BFAE7-0FB5-4B7D-BE7A-301C4EE5A166}.Release|Any CPU.Build.0 = Release|Any CPU
		{784BFAE7-0FB5-4B7D-BE7A-301C4EE5A166}.Release|Mixed Platforms.ActiveCfg = Release|Any CPU
		{784BFAE7-0FB5-4B7D-BE7A-301C4EE5A166}.Release|Mixed Platforms.Build.0 = Release|Any CPU
		{784BFAE7-0FB5-4B7D-BE7A-301C4EE5A166}.Release|x86.ActiveCfg = Release|Any CPU
		{A6238475-AF79-4B8B-BF7E-C3C2B35102C2}.Debug|Any CPU.ActiveCfg = Debug|x86
		{A6238475-AF79-4B8B-BF7E-C3C2B35102C2}.Debug|Mixed Platforms.ActiveCfg = Debug|x86
		{A6238475-AF79-4B8B-BF7E-C3C2B35102C2}.Debug|Mixed Platforms.Build.0 = Debug|x86
		{A6238475-AF79-4B8B-BF7E-C3C2B35102C2}.Debug|x86.ActiveCfg = Debug|x86
		{A6238475-AF79-4B8B-BF7E-C3C2B35102C2}.Debug|x86.Build.0 = Debug|x86
		{A6238475-AF79-4B8B-BF7E-C3C2B35102C2}.Release|Any CPU.ActiveCfg = Release|x86
		{A6238475-AF79-4B8B-BF7E-C3C2B35102C2}.Release|Mixed Platforms.ActiveCfg = Release|x86
		{A6238475-AF79-4B8B-BF7E-C3C2B35102C2}.Release|Mixed Platforms.Build.0 = Release|x86
		{A6238475-AF79-4B8B-BF7E-C3C2B35102C2}.Release|x86.ActiveCfg = Release|x86
		{A6238475-AF79-4B8B-BF7E-C3C2B35102C2}.Release|x86.Build.0 = Release|x86
	EndGlobalSection
	GlobalSection(SolutionProperties) = preSolution
		HideSolutionNode = FALSE
	EndGlobalSection
EndGlobal
