
Microsoft Visual Studio Solution File, Format Version 11.00
# Visual Studio 2010
Project("{FAE04EC0-301F-11D3-BF4B-00C04F79EFBC}") = "CSD2DServerSideRendering", "CSD2DServerSideRendering\CSD2DServerSideRendering.csproj", "{04F5E41B-CF92-4DCF-B8C8-216E2B0B079D}"
EndProject
Global
	GlobalSection(SolutionConfigurationPlatforms) = preSolution
		Debug|Any CPU = Debug|Any CPU
		Release|Any CPU = Release|Any CPU
	EndGlobalSection
	GlobalSection(ProjectConfigurationPlatforms) = postSolution
		{04F5E41B-CF92-4DCF-B8C8-216E2B0B079D}.Debug|Any CPU.ActiveCfg = Debug|Any CPU
		{04F5E41B-CF92-4DCF-B8C8-216E2B0B079D}.Debug|Any CPU.Build.0 = Debug|Any CPU
		{04F5E41B-CF92-4DCF-B8C8-216E2B0B079D}.Release|Any CPU.ActiveCfg = Release|Any CPU
		{04F5E41B-CF92-4DCF-B8C8-216E2B0B079D}.Release|Any CPU.Build.0 = Release|Any CPU
	EndGlobalSection
	GlobalSection(SolutionProperties) = preSolution
		HideSolutionNode = FALSE
	EndGlobalSection
EndGlobal
