
Microsoft Visual Studio Solution File, Format Version 12.00
# Visual Studio 2012
Project("{FAE04EC0-301F-11D3-BF4B-00C04F79EFBC}") = "FileUploadStatus", "FileUploadStatus\FileUploadStatus.csproj", "{612703D2-5632-4295-8CA2-8743D6A66A74}"
EndProject
Project("{E24C65DC-7377-472B-9ABA-BC803B73C61A}") = "TestWeb", "TestWeb", "{C8938738-9D48-4B54-B844-F4C4AABEB1EA}"
	ProjectSection(WebsiteProperties) = preProject
		
		
		
		
		TargetFrameworkMoniker = ".NETFramework,Version%3Dv4.0"
		ProjectReferences = "{612703d2-5632-4295-8ca2-8743d6a66a74}|CSASPNETFileUploadStatus.dll;"
		Debug.AspNetCompiler.VirtualPath = "/TestWeb"
		Debug.AspNetCompiler.PhysicalPath = "TestWeb\"
		Debug.AspNetCompiler.TargetPath = "PrecompiledWeb\TestWeb\"
		Debug.AspNetCompiler.Updateable = "true"
		Debug.AspNetCompiler.ForceOverwrite = "true"
		Debug.AspNetCompiler.FixedNames = "false"
		Debug.AspNetCompiler.Debug = "True"
		Release.AspNetCompiler.VirtualPath = "/TestWeb"
		Release.AspNetCompiler.PhysicalPath = "TestWeb\"
		Release.AspNetCompiler.TargetPath = "PrecompiledWeb\TestWeb\"
		Release.AspNetCompiler.Updateable = "true"
		Release.AspNetCompiler.ForceOverwrite = "true"
		Release.AspNetCompiler.FixedNames = "false"
		Release.AspNetCompiler.Debug = "False"
		VWDPort = "12331"
	EndProjectSection
EndProject
Global
	
	GlobalSection(SolutionConfigurationPlatforms) = preSolution
		Debug|Any CPU = Debug|Any CPU
		Release|Any CPU = Release|Any CPU
	EndGlobalSection
	GlobalSection(ProjectConfigurationPlatforms) = postSolution
		{612703D2-5632-4295-8CA2-8743D6A66A74}.Debug|Any CPU.ActiveCfg = Debug|Any CPU
		{612703D2-5632-4295-8CA2-8743D6A66A74}.Debug|Any CPU.Build.0 = Debug|Any CPU
		{612703D2-5632-4295-8CA2-8743D6A66A74}.Release|Any CPU.ActiveCfg = Release|Any CPU
		{612703D2-5632-4295-8CA2-8743D6A66A74}.Release|Any CPU.Build.0 = Release|Any CPU
		{C8938738-9D48-4B54-B844-F4C4AABEB1EA}.Debug|Any CPU.ActiveCfg = Debug|Any CPU
		{C8938738-9D48-4B54-B844-F4C4AABEB1EA}.Debug|Any CPU.Build.0 = Debug|Any CPU
		{C8938738-9D48-4B54-B844-F4C4AABEB1EA}.Release|Any CPU.ActiveCfg = Debug|Any CPU
		{C8938738-9D48-4B54-B844-F4C4AABEB1EA}.Release|Any CPU.Build.0 = Debug|Any CPU
	EndGlobalSection
	GlobalSection(SolutionProperties) = preSolution
		HideSolutionNode = FALSE
	EndGlobalSection
EndGlobal
