
Microsoft Visual Studio Solution File, Format Version 12.00
# Visual Studio 2012
Project("{2150E333-8FDC-42A3-9474-1A3956D46DE8}") = "Documentation", "Documentation", "{B6F441E3-E23C-4E7D-8547-FD4D1FFBED12}"
	ProjectSection(SolutionItems) = preProject
		CSAzureRetryCache\Documentation\ReadMe.htm = CSAzureRetryCache\Documentation\ReadMe.htm
	EndProjectSection
EndProject
Project("{CC5FD16D-436D-48AD-A40C-5A424C6E3E79}") = "CSAzureRetryCache", "CSAzureRetryCache\RetryAzureCache\CSAzureRetryCache.ccproj", "{8C631AAF-3AC9-475B-A06A-F6E94A1BAF59}"
EndProject
Project("{FAE04EC0-301F-11D3-BF4B-00C04F79EFBC}") = "RetryCacheRole", "CSAzureRetryCache\RetryCacheRole\RetryCacheRole.csproj", "{C03BCD3F-56EA-443D-9FAB-59309B889635}"
EndProject
Global
	GlobalSection(SolutionConfigurationPlatforms) = preSolution
		Debug|Any CPU = Debug|Any CPU
		Release|Any CPU = Release|Any CPU
	EndGlobalSection
	GlobalSection(ProjectConfigurationPlatforms) = postSolution
		{8C631AAF-3AC9-475B-A06A-F6E94A1BAF59}.Debug|Any CPU.ActiveCfg = Debug|Any CPU
		{8C631AAF-3AC9-475B-A06A-F6E94A1BAF59}.Debug|Any CPU.Build.0 = Debug|Any CPU
		{8C631AAF-3AC9-475B-A06A-F6E94A1BAF59}.Release|Any CPU.ActiveCfg = Release|Any CPU
		{8C631AAF-3AC9-475B-A06A-F6E94A1BAF59}.Release|Any CPU.Build.0 = Release|Any CPU
		{C03BCD3F-56EA-443D-9FAB-59309B889635}.Debug|Any CPU.ActiveCfg = Debug|Any CPU
		{C03BCD3F-56EA-443D-9FAB-59309B889635}.Debug|Any CPU.Build.0 = Debug|Any CPU
		{C03BCD3F-56EA-443D-9FAB-59309B889635}.Release|Any CPU.ActiveCfg = Release|Any CPU
		{C03BCD3F-56EA-443D-9FAB-59309B889635}.Release|Any CPU.Build.0 = Release|Any CPU
	EndGlobalSection
	GlobalSection(SolutionProperties) = preSolution
		HideSolutionNode = FALSE
	EndGlobalSection
	GlobalSection(ExtensibilityGlobals) = postSolution
		EnterpriseLibraryConfigurationToolBinariesPath = packages\Unity.2.1.505.0\lib\NET35;packages\Unity.Interception.2.1.505.0\lib\NET35;packages\EnterpriseLibrary.Common.5.0.505.0\lib\NET35;packages\TransientFaultHandling.Core.5.0.1118.0\lib\NET35;packages\EnterpriseLibrary.WindowsAzure.TransientFaultHandling.5.0.1118.0\lib\NET4;packages\EnterpriseLibrary.WindowsAzure.TransientFaultHandling.5.0.1118.0\DesignTime
	EndGlobalSection
EndGlobal
