
Microsoft Visual Studio Solution File, Format Version 12.00
# Visual Studio 2013
VisualStudioVersion = 12.0.30723.0
MinimumVisualStudioVersion = 10.0.40219.1
Project("{2150E333-8FDC-42A3-9474-1A3956D46DE8}") = "CSUnvsAppWebViewHighlight", "CSUnvsAppWebViewHighlight", "{88A33C0D-1F30-4E41-B715-29D0E734B762}"
EndProject
Project("{D954291E-2A0B-460D-934E-DC6B0785DB48}") = "CSUnvsAppWebViewHighlight.Shared", "CSUnvsAppWebViewHighlight\CSUnvsAppWebViewHighlight.Shared\CSUnvsAppWebViewHighlight.Shared.shproj", "{8121C75C-C0AE-417D-9281-E93F4B7EC210}"
EndProject
Project("{FAE04EC0-301F-11D3-BF4B-00C04F79EFBC}") = "CSUnvsAppWebViewHighlight.Windows", "CSUnvsAppWebViewHighlight\CSUnvsAppWebViewHighlight.Windows\CSUnvsAppWebViewHighlight.Windows.csproj", "{A4039DBC-1B2C-49F2-8282-CEC47E6BEC93}"
EndProject
Project("{FAE04EC0-301F-11D3-BF4B-00C04F79EFBC}") = "CSUnvsAppWebViewHighlight.WindowsPhone", "CSUnvsAppWebViewHighlight\CSUnvsAppWebViewHighlight.WindowsPhone\CSUnvsAppWebViewHighlight.WindowsPhone.csproj", "{889A159F-99D0-43FB-BEA0-21BD5867D727}"
EndProject
Global
	GlobalSection(SharedMSBuildProjectFiles) = preSolution
		CSUnvsAppWebViewHighlight\CSUnvsAppWebViewHighlight.Shared\CSUnvsAppWebViewHighlight.Shared.projitems*{8121c75c-c0ae-417d-9281-e93f4b7ec210}*SharedItemsImports = 13
		CSUnvsAppWebViewHighlight\CSUnvsAppWebViewHighlight.Shared\CSUnvsAppWebViewHighlight.Shared.projitems*{889a159f-99d0-43fb-bea0-21bd5867d727}*SharedItemsImports = 4
		CSUnvsAppWebViewHighlight\CSUnvsAppWebViewHighlight.Shared\CSUnvsAppWebViewHighlight.Shared.projitems*{a4039dbc-1b2c-49f2-8282-cec47e6bec93}*SharedItemsImports = 4
	EndGlobalSection
	
	GlobalSection(SolutionConfigurationPlatforms) = preSolution
		Debug|Any CPU = Debug|Any CPU
		Debug|ARM = Debug|ARM
		Debug|x64 = Debug|x64
		Debug|x86 = Debug|x86
		Release|Any CPU = Release|Any CPU
		Release|ARM = Release|ARM
		Release|x64 = Release|x64
		Release|x86 = Release|x86
	EndGlobalSection
	GlobalSection(ProjectConfigurationPlatforms) = postSolution
		{A4039DBC-1B2C-49F2-8282-CEC47E6BEC93}.Debug|Any CPU.ActiveCfg = Debug|Any CPU
		{A4039DBC-1B2C-49F2-8282-CEC47E6BEC93}.Debug|Any CPU.Build.0 = Debug|Any CPU
		{A4039DBC-1B2C-49F2-8282-CEC47E6BEC93}.Debug|Any CPU.Deploy.0 = Debug|Any CPU
		{A4039DBC-1B2C-49F2-8282-CEC47E6BEC93}.Debug|ARM.ActiveCfg = Debug|ARM
		{A4039DBC-1B2C-49F2-8282-CEC47E6BEC93}.Debug|ARM.Build.0 = Debug|ARM
		{A4039DBC-1B2C-49F2-8282-CEC47E6BEC93}.Debug|ARM.Deploy.0 = Debug|ARM
		{A4039DBC-1B2C-49F2-8282-CEC47E6BEC93}.Debug|x64.ActiveCfg = Debug|x64
		{A4039DBC-1B2C-49F2-8282-CEC47E6BEC93}.Debug|x64.Build.0 = Debug|x64
		{A4039DBC-1B2C-49F2-8282-CEC47E6BEC93}.Debug|x64.Deploy.0 = Debug|x64
		{A4039DBC-1B2C-49F2-8282-CEC47E6BEC93}.Debug|x86.ActiveCfg = Debug|x86
		{A4039DBC-1B2C-49F2-8282-CEC47E6BEC93}.Debug|x86.Build.0 = Debug|x86
		{A4039DBC-1B2C-49F2-8282-CEC47E6BEC93}.Debug|x86.Deploy.0 = Debug|x86
		{A4039DBC-1B2C-49F2-8282-CEC47E6BEC93}.Release|Any CPU.ActiveCfg = Release|Any CPU
		{A4039DBC-1B2C-49F2-8282-CEC47E6BEC93}.Release|Any CPU.Build.0 = Release|Any CPU
		{A4039DBC-1B2C-49F2-8282-CEC47E6BEC93}.Release|Any CPU.Deploy.0 = Release|Any CPU
		{A4039DBC-1B2C-49F2-8282-CEC47E6BEC93}.Release|ARM.ActiveCfg = Release|ARM
		{A4039DBC-1B2C-49F2-8282-CEC47E6BEC93}.Release|ARM.Build.0 = Release|ARM
		{A4039DBC-1B2C-49F2-8282-CEC47E6BEC93}.Release|ARM.Deploy.0 = Release|ARM
		{A4039DBC-1B2C-49F2-8282-CEC47E6BEC93}.Release|x64.ActiveCfg = Release|x64
		{A4039DBC-1B2C-49F2-8282-CEC47E6BEC93}.Release|x64.Build.0 = Release|x64
		{A4039DBC-1B2C-49F2-8282-CEC47E6BEC93}.Release|x64.Deploy.0 = Release|x64
		{A4039DBC-1B2C-49F2-8282-CEC47E6BEC93}.Release|x86.ActiveCfg = Release|x86
		{A4039DBC-1B2C-49F2-8282-CEC47E6BEC93}.Release|x86.Build.0 = Release|x86
		{A4039DBC-1B2C-49F2-8282-CEC47E6BEC93}.Release|x86.Deploy.0 = Release|x86
		{889A159F-99D0-43FB-BEA0-21BD5867D727}.Debug|Any CPU.ActiveCfg = Debug|Any CPU
		{889A159F-99D0-43FB-BEA0-21BD5867D727}.Debug|Any CPU.Build.0 = Debug|Any CPU
		{889A159F-99D0-43FB-BEA0-21BD5867D727}.Debug|Any CPU.Deploy.0 = Debug|Any CPU
		{889A159F-99D0-43FB-BEA0-21BD5867D727}.Debug|ARM.ActiveCfg = Debug|ARM
		{889A159F-99D0-43FB-BEA0-21BD5867D727}.Debug|ARM.Build.0 = Debug|ARM
		{889A159F-99D0-43FB-BEA0-21BD5867D727}.Debug|ARM.Deploy.0 = Debug|ARM
		{889A159F-99D0-43FB-BEA0-21BD5867D727}.Debug|x64.ActiveCfg = Debug|Any CPU
		{889A159F-99D0-43FB-BEA0-21BD5867D727}.Debug|x86.ActiveCfg = Debug|x86
		{889A159F-99D0-43FB-BEA0-21BD5867D727}.Debug|x86.Build.0 = Debug|x86
		{889A159F-99D0-43FB-BEA0-21BD5867D727}.Debug|x86.Deploy.0 = Debug|x86
		{889A159F-99D0-43FB-BEA0-21BD5867D727}.Release|Any CPU.ActiveCfg = Release|Any CPU
		{889A159F-99D0-43FB-BEA0-21BD5867D727}.Release|Any CPU.Build.0 = Release|Any CPU
		{889A159F-99D0-43FB-BEA0-21BD5867D727}.Release|Any CPU.Deploy.0 = Release|Any CPU
		{889A159F-99D0-43FB-BEA0-21BD5867D727}.Release|ARM.ActiveCfg = Release|ARM
		{889A159F-99D0-43FB-BEA0-21BD5867D727}.Release|ARM.Build.0 = Release|ARM
		{889A159F-99D0-43FB-BEA0-21BD5867D727}.Release|ARM.Deploy.0 = Release|ARM
		{889A159F-99D0-43FB-BEA0-21BD5867D727}.Release|x64.ActiveCfg = Release|Any CPU
		{889A159F-99D0-43FB-BEA0-21BD5867D727}.Release|x86.ActiveCfg = Release|x86
		{889A159F-99D0-43FB-BEA0-21BD5867D727}.Release|x86.Build.0 = Release|x86
		{889A159F-99D0-43FB-BEA0-21BD5867D727}.Release|x86.Deploy.0 = Release|x86
	EndGlobalSection
	GlobalSection(SolutionProperties) = preSolution
		HideSolutionNode = FALSE
	EndGlobalSection
	GlobalSection(NestedProjects) = preSolution
		{8121C75C-C0AE-417D-9281-E93F4B7EC210} = {88A33C0D-1F30-4E41-B715-29D0E734B762}
		{A4039DBC-1B2C-49F2-8282-CEC47E6BEC93} = {88A33C0D-1F30-4E41-B715-29D0E734B762}
		{889A159F-99D0-43FB-BEA0-21BD5867D727} = {88A33C0D-1F30-4E41-B715-29D0E734B762}
	EndGlobalSection
EndGlobal
