
Microsoft Visual Studio Solution File, Format Version 12.00
# Visual Studio 2012
Project("{FAE04EC0-301F-11D3-BF4B-00C04F79EFBC}") = "CSASPNETCustomizeValidation", "CSASPNETCustomizeValidation\CSASPNETCustomizeValidation.csproj", "{AC1A90BB-2776-4B81-8CA6-CF5026380FB1}"
EndProject
Global
	GlobalSection(SolutionConfigurationPlatforms) = preSolution
		Debug|Any CPU = Debug|Any CPU
		Release|Any CPU = Release|Any CPU
	EndGlobalSection
	GlobalSection(ProjectConfigurationPlatforms) = postSolution
		{AC1A90BB-2776-4B81-8CA6-CF5026380FB1}.Debug|Any CPU.ActiveCfg = Debug|Any CPU
		{AC1A90BB-2776-4B81-8CA6-CF5026380FB1}.Debug|Any CPU.Build.0 = Debug|Any CPU
		{AC1A90BB-2776-4B81-8CA6-CF5026380FB1}.Release|Any CPU.ActiveCfg = Release|Any CPU
		{AC1A90BB-2776-4B81-8CA6-CF5026380FB1}.Release|Any CPU.Build.0 = Release|Any CPU
	EndGlobalSection
	GlobalSection(SolutionProperties) = preSolution
		HideSolutionNode = FALSE
	EndGlobalSection
EndGlobal
