
Microsoft Visual Studio Solution File, Format Version 12.00
# Visual Studio 2012
Project("{FAE04EC0-301F-11D3-BF4B-00C04F79EFBC}") = "CSASPNETGetDesiredResultByAJAXCalls", "CSASPNETGetDesiredResultByAJAXCalls\CSASPNETGetDesiredResultByAJAXCalls.csproj", "{65A8E50E-E1A2-4644-BDED-82B22D39BF13}"
EndProject
Global
	GlobalSection(SolutionConfigurationPlatforms) = preSolution
		Debug|Any CPU = Debug|Any CPU
		Release|Any CPU = Release|Any CPU
	EndGlobalSection
	GlobalSection(ProjectConfigurationPlatforms) = postSolution
		{65A8E50E-E1A2-4644-BDED-82B22D39BF13}.Debug|Any CPU.ActiveCfg = Debug|Any CPU
		{65A8E50E-E1A2-4644-BDED-82B22D39BF13}.Debug|Any CPU.Build.0 = Debug|Any CPU
		{65A8E50E-E1A2-4644-BDED-82B22D39BF13}.Release|Any CPU.ActiveCfg = Release|Any CPU
		{65A8E50E-E1A2-4644-BDED-82B22D39BF13}.Release|Any CPU.Build.0 = Release|Any CPU
	EndGlobalSection
	GlobalSection(SolutionProperties) = preSolution
		HideSolutionNode = FALSE
	EndGlobalSection
EndGlobal
