
Microsoft Visual Studio Solution File, Format Version 11.00
# Visual Studio 2010
Project("{FAE04EC0-301F-11D3-BF4B-00C04F79EFBC}") = "CSVSPackageStatusBar", "CSVSPackageStatusBar\CSVSPackageStatusBar.csproj", "{F231CCCA-98A4-4B4A-8A72-96626CE853FE}"
EndProject
Global
	
	GlobalSection(SolutionConfigurationPlatforms) = preSolution
		Debug|Any CPU = Debug|Any CPU
		Release|Any CPU = Release|Any CPU
	EndGlobalSection
	GlobalSection(ProjectConfigurationPlatforms) = postSolution
		{F231CCCA-98A4-4B4A-8A72-96626CE853FE}.Debug|Any CPU.ActiveCfg = Debug|Any CPU
		{F231CCCA-98A4-4B4A-8A72-96626CE853FE}.Debug|Any CPU.Build.0 = Debug|Any CPU
		{F231CCCA-98A4-4B4A-8A72-96626CE853FE}.Release|Any CPU.ActiveCfg = Release|Any CPU
		{F231CCCA-98A4-4B4A-8A72-96626CE853FE}.Release|Any CPU.Build.0 = Release|Any CPU
	EndGlobalSection
	GlobalSection(SolutionProperties) = preSolution
		HideSolutionNode = FALSE
	EndGlobalSection
EndGlobal
