
Microsoft Visual Studio Solution File, Format Version 11.00
# Visual Studio 2010
Project("{F184B08F-C81C-45F6-A57F-5ABD9991F28F}") = "VBSL4SessionCookie", "VBSL4SessionCookie\VBSL4SessionCookie.vbproj", "{782794E3-451D-492A-B0B6-A0446B3092B8}"
EndProject
Project("{F184B08F-C81C-45F6-A57F-5ABD9991F28F}") = "VBSL4SessionCookie.Web", "VBSL4SessionCookie.Web\VBSL4SessionCookie.Web.vbproj", "{AFD14A5D-05D6-4245-AC26-B551600A91D1}"
EndProject
Global
	GlobalSection(SolutionConfigurationPlatforms) = preSolution
		Debug|Any CPU = Debug|Any CPU
		Release|Any CPU = Release|Any CPU
	EndGlobalSection
	GlobalSection(ProjectConfigurationPlatforms) = postSolution
		{782794E3-451D-492A-B0B6-A0446B3092B8}.Debug|Any CPU.ActiveCfg = Debug|Any CPU
		{782794E3-451D-492A-B0B6-A0446B3092B8}.Debug|Any CPU.Build.0 = Debug|Any CPU
		{782794E3-451D-492A-B0B6-A0446B3092B8}.Release|Any CPU.ActiveCfg = Release|Any CPU
		{782794E3-451D-492A-B0B6-A0446B3092B8}.Release|Any CPU.Build.0 = Release|Any CPU
		{AFD14A5D-05D6-4245-AC26-B551600A91D1}.Debug|Any CPU.ActiveCfg = Debug|Any CPU
		{AFD14A5D-05D6-4245-AC26-B551600A91D1}.Debug|Any CPU.Build.0 = Debug|Any CPU
		{AFD14A5D-05D6-4245-AC26-B551600A91D1}.Release|Any CPU.ActiveCfg = Release|Any CPU
		{AFD14A5D-05D6-4245-AC26-B551600A91D1}.Release|Any CPU.Build.0 = Release|Any CPU
	EndGlobalSection
	GlobalSection(SolutionProperties) = preSolution
		HideSolutionNode = FALSE
	EndGlobalSection
EndGlobal
