
Microsoft Visual Studio Solution File, Format Version 12.00
# Visual Studio 2012
Project("{CC5FD16D-436D-48AD-A40C-5A424C6E3E79}") = "CSAzureIdentifyWithLiveID", "CSAzureIdentifyWithLiveID\CSAzureIdentifyWithLiveID.ccproj", "{51377429-A09B-4AC1-A787-11741E8244B5}"
EndProject
Project("{FAE04EC0-301F-11D3-BF4B-00C04F79EFBC}") = "WebApplication1", "CSAzureIdentifyWithLiveID\WebApplication1\WebApplication1.csproj", "{F501CA45-1629-44A3-AF9E-5B5714F93BDB}"
EndProject
Global
	
	GlobalSection(SolutionConfigurationPlatforms) = preSolution
		Debug|Any CPU = Debug|Any CPU
		Release|Any CPU = Release|Any CPU
	EndGlobalSection
	GlobalSection(ProjectConfigurationPlatforms) = postSolution
		{51377429-A09B-4AC1-A787-11741E8244B5}.Debug|Any CPU.ActiveCfg = Debug|Any CPU
		{51377429-A09B-4AC1-A787-11741E8244B5}.Debug|Any CPU.Build.0 = Debug|Any CPU
		{51377429-A09B-4AC1-A787-11741E8244B5}.Release|Any CPU.ActiveCfg = Release|Any CPU
		{51377429-A09B-4AC1-A787-11741E8244B5}.Release|Any CPU.Build.0 = Release|Any CPU
		{F501CA45-1629-44A3-AF9E-5B5714F93BDB}.Debug|Any CPU.ActiveCfg = Debug|Any CPU
		{F501CA45-1629-44A3-AF9E-5B5714F93BDB}.Debug|Any CPU.Build.0 = Debug|Any CPU
		{F501CA45-1629-44A3-AF9E-5B5714F93BDB}.Release|Any CPU.ActiveCfg = Release|Any CPU
		{F501CA45-1629-44A3-AF9E-5B5714F93BDB}.Release|Any CPU.Build.0 = Release|Any CPU
	EndGlobalSection
	GlobalSection(SolutionProperties) = preSolution
		HideSolutionNode = FALSE
	EndGlobalSection
EndGlobal
