
Microsoft Visual Studio Solution File, Format Version 11.00
# Visual Studio 2010
Project("{F184B08F-C81C-45F6-A57F-5ABD9991F28F}") = "VBSharePointSilverlightIntegration", "VBSharePointSilverlightIntegration\VBSharePointSilverlightIntegration.vbproj", "{02C687F7-5AF8-4B93-8584-4B89769A0D53}"
EndProject
Project("{F184B08F-C81C-45F6-A57F-5ABD9991F28F}") = "SilverlightWebpart", "SilverlightWebpart\SilverlightWebpart.vbproj", "{06B5709C-F4CE-4EAE-9240-2B422B789D7A}"
EndProject
Global
	GlobalSection(SolutionConfigurationPlatforms) = preSolution
		Debug|Any CPU = Debug|Any CPU
		Release|Any CPU = Release|Any CPU
	EndGlobalSection
	GlobalSection(ProjectConfigurationPlatforms) = postSolution
		{02C687F7-5AF8-4B93-8584-4B89769A0D53}.Debug|Any CPU.ActiveCfg = Debug|Any CPU
		{02C687F7-5AF8-4B93-8584-4B89769A0D53}.Debug|Any CPU.Build.0 = Debug|Any CPU
		{02C687F7-5AF8-4B93-8584-4B89769A0D53}.Debug|Any CPU.Deploy.0 = Debug|Any CPU
		{02C687F7-5AF8-4B93-8584-4B89769A0D53}.Release|Any CPU.ActiveCfg = Release|Any CPU
		{02C687F7-5AF8-4B93-8584-4B89769A0D53}.Release|Any CPU.Build.0 = Release|Any CPU
		{02C687F7-5AF8-4B93-8584-4B89769A0D53}.Release|Any CPU.Deploy.0 = Release|Any CPU
		{06B5709C-F4CE-4EAE-9240-2B422B789D7A}.Debug|Any CPU.ActiveCfg = Debug|Any CPU
		{06B5709C-F4CE-4EAE-9240-2B422B789D7A}.Debug|Any CPU.Build.0 = Debug|Any CPU
		{06B5709C-F4CE-4EAE-9240-2B422B789D7A}.Release|Any CPU.ActiveCfg = Release|Any CPU
		{06B5709C-F4CE-4EAE-9240-2B422B789D7A}.Release|Any CPU.Build.0 = Release|Any CPU
	EndGlobalSection
	GlobalSection(SolutionProperties) = preSolution
		HideSolutionNode = FALSE
	EndGlobalSection
EndGlobal
