
Microsoft Visual Studio Solution File, Format Version 11.00
# Visual Studio 2010
Project("{FAE04EC0-301F-11D3-BF4B-00C04F79EFBC}") = "CSASPNETMaintainTreeViewState", "CSASPNETMaintainTreeViewState\CSASPNETMaintainTreeViewState.csproj", "{5282A4D3-C5A3-4F74-B67A-0A89C2060AD9}"
EndProject
Global
	
	GlobalSection(SolutionConfigurationPlatforms) = preSolution
		Debug|Any CPU = Debug|Any CPU
		Release|Any CPU = Release|Any CPU
	EndGlobalSection
	GlobalSection(ProjectConfigurationPlatforms) = postSolution
		{5282A4D3-C5A3-4F74-B67A-0A89C2060AD9}.Debug|Any CPU.ActiveCfg = Debug|Any CPU
		{5282A4D3-C5A3-4F74-B67A-0A89C2060AD9}.Debug|Any CPU.Build.0 = Debug|Any CPU
		{5282A4D3-C5A3-4F74-B67A-0A89C2060AD9}.Release|Any CPU.ActiveCfg = Release|Any CPU
		{5282A4D3-C5A3-4F74-B67A-0A89C2060AD9}.Release|Any CPU.Build.0 = Release|Any CPU
	EndGlobalSection
	GlobalSection(SolutionProperties) = preSolution
		HideSolutionNode = FALSE
	EndGlobalSection
EndGlobal
