
Microsoft Visual Studio Solution File, Format Version 11.00
# Visual Studio 2010
Project("{2150E333-8FDC-42A3-9474-1A3956D46DE8}") = "Documentation", "Documentation", "{0E407DB5-38CE-4F57-8C25-E748B08E44F0}"
	ProjectSection(SolutionItems) = preProject
		CppLoadLibrary\Documentation\ReadMe.htm = CppLoadLibrary\Documentation\ReadMe.htm
	EndProjectSection
EndProject
Project("{2150E333-8FDC-42A3-9474-1A3956D46DE8}") = "ReadMe_files", "ReadMe_files", "{DFE2EB15-3C70-4971-AFD3-F05E32520BE8}"
	ProjectSection(SolutionItems) = preProject
		CppLoadLibrary\Documentation\ReadMe_files\colorschememapping.xml = CppLoadLibrary\Documentation\ReadMe_files\colorschememapping.xml
		CppLoadLibrary\Documentation\ReadMe_files\filelist.xml = CppLoadLibrary\Documentation\ReadMe_files\filelist.xml
		CppLoadLibrary\Documentation\ReadMe_files\image001.png = CppLoadLibrary\Documentation\ReadMe_files\image001.png
		CppLoadLibrary\Documentation\ReadMe_files\themedata.thmx = CppLoadLibrary\Documentation\ReadMe_files\themedata.thmx
	EndProjectSection
EndProject
Project("{8BC9CEB8-8B4A-11D0-8D11-00A0C91BC942}") = "CppLoadLibrary", "CppLoadLibrary\CppLoadLibrary\CppLoadLibrary.vcxproj", "{434CE30D-2F56-4A9B-847E-5FAB39C30A00}"
EndProject
Project("{8BC9CEB8-8B4A-11D0-8D11-00A0C91BC942}") = "CppDynamicLinkLibrary", "CppLoadLibrary\CppDynamicLinkLibrary\CppDynamicLinkLibrary.vcxproj", "{52E95A78-6446-49D8-8F79-31846518D34B}"
EndProject
Global
	
	GlobalSection(SolutionConfigurationPlatforms) = preSolution
		Debug|Win32 = Debug|Win32
		Debug|x64 = Debug|x64
		Release|Win32 = Release|Win32
		Release|x64 = Release|x64
	EndGlobalSection
	GlobalSection(ProjectConfigurationPlatforms) = postSolution
		{434CE30D-2F56-4A9B-847E-5FAB39C30A00}.Debug|Win32.ActiveCfg = Debug|Win32
		{434CE30D-2F56-4A9B-847E-5FAB39C30A00}.Debug|Win32.Build.0 = Debug|Win32
		{434CE30D-2F56-4A9B-847E-5FAB39C30A00}.Debug|x64.ActiveCfg = Debug|x64
		{434CE30D-2F56-4A9B-847E-5FAB39C30A00}.Debug|x64.Build.0 = Debug|x64
		{434CE30D-2F56-4A9B-847E-5FAB39C30A00}.Release|Win32.ActiveCfg = Release|Win32
		{434CE30D-2F56-4A9B-847E-5FAB39C30A00}.Release|Win32.Build.0 = Release|Win32
		{434CE30D-2F56-4A9B-847E-5FAB39C30A00}.Release|x64.ActiveCfg = Release|x64
		{434CE30D-2F56-4A9B-847E-5FAB39C30A00}.Release|x64.Build.0 = Release|x64
		{52E95A78-6446-49D8-8F79-31846518D34B}.Debug|Win32.ActiveCfg = Debug|Win32
		{52E95A78-6446-49D8-8F79-31846518D34B}.Debug|Win32.Build.0 = Debug|Win32
		{52E95A78-6446-49D8-8F79-31846518D34B}.Debug|x64.ActiveCfg = Debug|x64
		{52E95A78-6446-49D8-8F79-31846518D34B}.Debug|x64.Build.0 = Debug|x64
		{52E95A78-6446-49D8-8F79-31846518D34B}.Release|Win32.ActiveCfg = Release|Win32
		{52E95A78-6446-49D8-8F79-31846518D34B}.Release|Win32.Build.0 = Release|Win32
		{52E95A78-6446-49D8-8F79-31846518D34B}.Release|x64.ActiveCfg = Release|x64
		{52E95A78-6446-49D8-8F79-31846518D34B}.Release|x64.Build.0 = Release|x64
	EndGlobalSection
	GlobalSection(SolutionProperties) = preSolution
		HideSolutionNode = FALSE
	EndGlobalSection
	GlobalSection(NestedProjects) = preSolution
		{DFE2EB15-3C70-4971-AFD3-F05E32520BE8} = {0E407DB5-38CE-4F57-8C25-E748B08E44F0}
	EndGlobalSection
EndGlobal
