
Microsoft Visual Studio Solution File, Format Version 11.00
# Visual Studio 2010
Project("{FAE04EC0-301F-11D3-BF4B-00C04F79EFBC}") = "CSASPNETWP7LivePainterServer", "CSWP7LivePainter\CSASPNETWP7LivePainterServer\CSASPNETWP7LivePainterServer.csproj", "{47C22E90-91CF-4CB9-A978-9CC5EDA061A4}"
EndProject
Project("{FAE04EC0-301F-11D3-BF4B-00C04F79EFBC}") = "CSWP7LivePainter", "CSWP7LivePainter\CSWP7LivePainter\CSWP7LivePainter.csproj", "{75F22802-C9A4-4A77-B628-37BFEC359983}"
EndProject
Project("{2150E333-8FDC-42A3-9474-1A3956D46DE8}") = "Documentation", "Documentation", "{9F766715-86A7-4DAB-B724-4E25A9719CE4}"
	ProjectSection(SolutionItems) = preProject
		CSWP7LivePainter\Documentation\ReadMe.htm = CSWP7LivePainter\Documentation\ReadMe.htm
	EndProjectSection
EndProject
Global
	
	GlobalSection(SolutionConfigurationPlatforms) = preSolution
		Debug|Any CPU = Debug|Any CPU
		Release|Any CPU = Release|Any CPU
	EndGlobalSection
	GlobalSection(ProjectConfigurationPlatforms) = postSolution
		{47C22E90-91CF-4CB9-A978-9CC5EDA061A4}.Debug|Any CPU.ActiveCfg = Debug|Any CPU
		{47C22E90-91CF-4CB9-A978-9CC5EDA061A4}.Debug|Any CPU.Build.0 = Debug|Any CPU
		{47C22E90-91CF-4CB9-A978-9CC5EDA061A4}.Release|Any CPU.ActiveCfg = Release|Any CPU
		{47C22E90-91CF-4CB9-A978-9CC5EDA061A4}.Release|Any CPU.Build.0 = Release|Any CPU
		{75F22802-C9A4-4A77-B628-37BFEC359983}.Debug|Any CPU.ActiveCfg = Debug|Any CPU
		{75F22802-C9A4-4A77-B628-37BFEC359983}.Debug|Any CPU.Build.0 = Debug|Any CPU
		{75F22802-C9A4-4A77-B628-37BFEC359983}.Debug|Any CPU.Deploy.0 = Debug|Any CPU
		{75F22802-C9A4-4A77-B628-37BFEC359983}.Release|Any CPU.ActiveCfg = Release|Any CPU
		{75F22802-C9A4-4A77-B628-37BFEC359983}.Release|Any CPU.Build.0 = Release|Any CPU
		{75F22802-C9A4-4A77-B628-37BFEC359983}.Release|Any CPU.Deploy.0 = Release|Any CPU
	EndGlobalSection
	GlobalSection(SolutionProperties) = preSolution
		HideSolutionNode = FALSE
	EndGlobalSection
EndGlobal
