
Microsoft Visual Studio Solution File, Format Version 11.00
# Visual Studio 2010
Project("{FAE04EC0-301F-11D3-BF4B-00C04F79EFBC}") = "CSWP7SecondaryTile", "CSWP7SecondaryTile\CSWP7SecondaryTile.csproj", "{B32C7203-E070-4F79-9790-E7CBB1E67D3A}"
EndProject
Project("{2150E333-8FDC-42A3-9474-1A3956D46DE8}") = "ReadMe", "ReadMe", "{6561A31E-2915-4DDD-8644-3B1A6BBF2815}"
	ProjectSection(SolutionItems) = preProject
		CSWP7SecondaryTile\Documentation\ReadMe.htm = CSWP7SecondaryTile\Documentation\ReadMe.htm
	EndProjectSection
EndProject
Global
	GlobalSection(SolutionConfigurationPlatforms) = preSolution
		Debug|Any CPU = Debug|Any CPU
		Release|Any CPU = Release|Any CPU
	EndGlobalSection
	GlobalSection(ProjectConfigurationPlatforms) = postSolution
		{B32C7203-E070-4F79-9790-E7CBB1E67D3A}.Debug|Any CPU.ActiveCfg = Debug|Any CPU
		{B32C7203-E070-4F79-9790-E7CBB1E67D3A}.Debug|Any CPU.Build.0 = Debug|Any CPU
		{B32C7203-E070-4F79-9790-E7CBB1E67D3A}.Debug|Any CPU.Deploy.0 = Debug|Any CPU
		{B32C7203-E070-4F79-9790-E7CBB1E67D3A}.Release|Any CPU.ActiveCfg = Release|Any CPU
		{B32C7203-E070-4F79-9790-E7CBB1E67D3A}.Release|Any CPU.Build.0 = Release|Any CPU
		{B32C7203-E070-4F79-9790-E7CBB1E67D3A}.Release|Any CPU.Deploy.0 = Release|Any CPU
	EndGlobalSection
	GlobalSection(SolutionProperties) = preSolution
		HideSolutionNode = FALSE
	EndGlobalSection
EndGlobal
