
Microsoft Visual Studio Solution File, Format Version 12.00
# Visual Studio 2012
Project("{FAE04EC0-301F-11D3-BF4B-00C04F79EFBC}") = "DynamicCondition", "CSDynamicallyBuildLambdaExpressionWithField\DynamicCondition\DynamicCondition.csproj", "{B51F0AE5-D101-4FD3-ABCE-DF1767AAABDE}"
EndProject
Project("{FAE04EC0-301F-11D3-BF4B-00C04F79EFBC}") = "NorthwindApp", "CSDynamicallyBuildLambdaExpressionWithField\NorthwindApp\NorthwindApp.csproj", "{BC5C054F-84B6-495A-ACD0-28819715FA95}"
EndProject
Global
	
	GlobalSection(SolutionConfigurationPlatforms) = preSolution
		Debug|Any CPU = Debug|Any CPU
		Release|Any CPU = Release|Any CPU
	EndGlobalSection
	GlobalSection(ProjectConfigurationPlatforms) = postSolution
		{B51F0AE5-D101-4FD3-ABCE-DF1767AAABDE}.Debug|Any CPU.ActiveCfg = Debug|Any CPU
		{B51F0AE5-D101-4FD3-ABCE-DF1767AAABDE}.Debug|Any CPU.Build.0 = Debug|Any CPU
		{B51F0AE5-D101-4FD3-ABCE-DF1767AAABDE}.Release|Any CPU.ActiveCfg = Release|Any CPU
		{B51F0AE5-D101-4FD3-ABCE-DF1767AAABDE}.Release|Any CPU.Build.0 = Release|Any CPU
		{BC5C054F-84B6-495A-ACD0-28819715FA95}.Debug|Any CPU.ActiveCfg = Debug|Any CPU
		{BC5C054F-84B6-495A-ACD0-28819715FA95}.Debug|Any CPU.Build.0 = Debug|Any CPU
		{BC5C054F-84B6-495A-ACD0-28819715FA95}.Release|Any CPU.ActiveCfg = Release|Any CPU
		{BC5C054F-84B6-495A-ACD0-28819715FA95}.Release|Any CPU.Build.0 = Release|Any CPU
	EndGlobalSection
	GlobalSection(SolutionProperties) = preSolution
		HideSolutionNode = FALSE
	EndGlobalSection
EndGlobal
