
Microsoft Visual Studio Solution File, Format Version 10.00
# Visual Studio 2008
Project("{FAE04EC0-301F-11D3-BF4B-00C04F79EFBC}") = "CSASPNETMasterPage", "CSASPNETMasterPage\CSASPNETMasterPage.csproj", "{B925D525-C47B-4A5A-AD22-4B2E6BB33A14}"
EndProject
Global
	
	GlobalSection(SolutionConfigurationPlatforms) = preSolution
		Debug|Any CPU = Debug|Any CPU
		Release|Any CPU = Release|Any CPU
	EndGlobalSection
	GlobalSection(ProjectConfigurationPlatforms) = postSolution
		{B925D525-C47B-4A5A-AD22-4B2E6BB33A14}.Debug|Any CPU.ActiveCfg = Debug|Any CPU
		{B925D525-C47B-4A5A-AD22-4B2E6BB33A14}.Debug|Any CPU.Build.0 = Debug|Any CPU
		{B925D525-C47B-4A5A-AD22-4B2E6BB33A14}.Release|Any CPU.ActiveCfg = Release|Any CPU
		{B925D525-C47B-4A5A-AD22-4B2E6BB33A14}.Release|Any CPU.Build.0 = Release|Any CPU
	EndGlobalSection
	GlobalSection(SolutionProperties) = preSolution
		HideSolutionNode = FALSE
	EndGlobalSection
EndGlobal
