
Microsoft Visual Studio Solution File, Format Version 11.00
# Visual Studio 2010
Project("{FAE04EC0-301F-11D3-BF4B-00C04F79EFBC}") = "CSVSPackage", "CSVSPackage\CSVSPackage.csproj", "{92F41325-4EEC-436B-8AB2-A01F63E0D75C}"
EndProject
Global
	
	GlobalSection(SolutionConfigurationPlatforms) = preSolution
		Debug|Any CPU = Debug|Any CPU
		Release|Any CPU = Release|Any CPU
	EndGlobalSection
	GlobalSection(ProjectConfigurationPlatforms) = postSolution
		{92F41325-4EEC-436B-8AB2-A01F63E0D75C}.Debug|Any CPU.ActiveCfg = Debug|Any CPU
		{92F41325-4EEC-436B-8AB2-A01F63E0D75C}.Debug|Any CPU.Build.0 = Debug|Any CPU
		{92F41325-4EEC-436B-8AB2-A01F63E0D75C}.Release|Any CPU.ActiveCfg = Release|Any CPU
		{92F41325-4EEC-436B-8AB2-A01F63E0D75C}.Release|Any CPU.Build.0 = Release|Any CPU
	EndGlobalSection
	GlobalSection(SolutionProperties) = preSolution
		HideSolutionNode = FALSE
	EndGlobalSection
EndGlobal
