
Microsoft Visual Studio Solution File, Format Version 11.00
# Visual Studio 2010
Project("{FAE04EC0-301F-11D3-BF4B-00C04F79EFBC}") = "CSSharePointHideRibbonFromAnonymous", "CSSharePointHideRibbonFromAnonymous\CSSharePointHideRibbonFromAnonymous.csproj", "{CA34ACE3-55D2-4A38-B04C-9C7F065B386A}"
EndProject
Global
	
	GlobalSection(SolutionConfigurationPlatforms) = preSolution
		Debug|Any CPU = Debug|Any CPU
		Release|Any CPU = Release|Any CPU
	EndGlobalSection
	GlobalSection(ProjectConfigurationPlatforms) = postSolution
		{CA34ACE3-55D2-4A38-B04C-9C7F065B386A}.Debug|Any CPU.ActiveCfg = Debug|Any CPU
		{CA34ACE3-55D2-4A38-B04C-9C7F065B386A}.Debug|Any CPU.Build.0 = Debug|Any CPU
		{CA34ACE3-55D2-4A38-B04C-9C7F065B386A}.Debug|Any CPU.Deploy.0 = Debug|Any CPU
		{CA34ACE3-55D2-4A38-B04C-9C7F065B386A}.Release|Any CPU.ActiveCfg = Release|Any CPU
		{CA34ACE3-55D2-4A38-B04C-9C7F065B386A}.Release|Any CPU.Build.0 = Release|Any CPU
		{CA34ACE3-55D2-4A38-B04C-9C7F065B386A}.Release|Any CPU.Deploy.0 = Release|Any CPU
	EndGlobalSection
	GlobalSection(SolutionProperties) = preSolution
		HideSolutionNode = FALSE
	EndGlobalSection
EndGlobal
