
Microsoft Visual Studio Solution File, Format Version 11.00
# Visual Studio 2010
Project("{CC5FD16D-436D-48AD-A40C-5A424C6E3E79}") = "CSAzureUrlRouting", "CSAzureUrlRouting\CSAzureUrlRouting\CSAzureUrlRouting.ccproj", "{AD272165-DBF0-4250-86BF-36FB0EB88B1D}"
EndProject
Project("{FAE04EC0-301F-11D3-BF4B-00C04F79EFBC}") = "CSAzureUrlRouting_WebRole", "CSAzureUrlRouting\CSAzureUrlRouting_WebRole\CSAzureUrlRouting_WebRole.csproj", "{ACB2F099-7B3C-408B-89CE-A7FED2290135}"
EndProject
Project("{2150E333-8FDC-42A3-9474-1A3956D46DE8}") = "ReadMe", "ReadMe", "{27A32DE8-01ED-47A0-B8D7-8274AA6ACAB3}"
	ProjectSection(SolutionItems) = preProject
		CSAzureUrlRouting\Documentation\ReadMe.htm = CSAzureUrlRouting\Documentation\ReadMe.htm
	EndProjectSection
EndProject
Global
	
	GlobalSection(SolutionConfigurationPlatforms) = preSolution
		Debug|Any CPU = Debug|Any CPU
		Release|Any CPU = Release|Any CPU
	EndGlobalSection
	GlobalSection(ProjectConfigurationPlatforms) = postSolution
		{AD272165-DBF0-4250-86BF-36FB0EB88B1D}.Debug|Any CPU.ActiveCfg = Debug|Any CPU
		{AD272165-DBF0-4250-86BF-36FB0EB88B1D}.Debug|Any CPU.Build.0 = Debug|Any CPU
		{AD272165-DBF0-4250-86BF-36FB0EB88B1D}.Release|Any CPU.ActiveCfg = Release|Any CPU
		{AD272165-DBF0-4250-86BF-36FB0EB88B1D}.Release|Any CPU.Build.0 = Release|Any CPU
		{ACB2F099-7B3C-408B-89CE-A7FED2290135}.Debug|Any CPU.ActiveCfg = Debug|Any CPU
		{ACB2F099-7B3C-408B-89CE-A7FED2290135}.Debug|Any CPU.Build.0 = Debug|Any CPU
		{ACB2F099-7B3C-408B-89CE-A7FED2290135}.Release|Any CPU.ActiveCfg = Release|Any CPU
		{ACB2F099-7B3C-408B-89CE-A7FED2290135}.Release|Any CPU.Build.0 = Release|Any CPU
	EndGlobalSection
	GlobalSection(SolutionProperties) = preSolution
		HideSolutionNode = FALSE
	EndGlobalSection
EndGlobal
