
Microsoft Visual Studio Solution File, Format Version 12.00
# Visual Studio 2013
VisualStudioVersion = 12.0.30501.0
MinimumVisualStudioVersion = 10.0.40219.1
Project("{F184B08F-C81C-45F6-A57F-5ABD9991F28F}") = "VBAzureACSAuthInWPF", "VBAzureACSAuthInWPF\VBAzureACSAuthInWPF.vbproj", "{6FD0BC64-F63F-4116-90D5-5297902230FC}"
EndProject
Project("{F184B08F-C81C-45F6-A57F-5ABD9991F28F}") = "RESTfulWCFService", "VBAzureACSAuthInWPF\RESTfulWCFService\RESTfulWCFService.vbproj", "{5E317C07-6C99-4EA0-B25D-81880FE910A5}"
EndProject
Project("{2150E333-8FDC-42A3-9474-1A3956D46DE8}") = ".nuget", ".nuget", "{5FE19403-5034-4754-B852-BA48AA27EF07}"
	ProjectSection(SolutionItems) = preProject
		.nuget\NuGet.Config = .nuget\NuGet.Config
		.nuget\NuGet.exe = .nuget\NuGet.exe
		.nuget\NuGet.targets = .nuget\NuGet.targets
	EndProjectSection
EndProject
Project("{2150E333-8FDC-42A3-9474-1A3956D46DE8}") = "Documentation", "Documentation", "{3972F5B2-E889-48B6-89FD-8C4FD8740A5D}"
	ProjectSection(SolutionItems) = preProject
		VBAzureACSAuthInWPF\Documentation\ReadMe.htm = VBAzureACSAuthInWPF\Documentation\ReadMe.htm
	EndProjectSection
EndProject
Project("{F184B08F-C81C-45F6-A57F-5ABD9991F28F}") = "SecurityModule", "VBAzureACSAuthInWPF\SecurityModule\SecurityModule.vbproj", "{7A3AEF3F-6B68-4E42-BB2B-24EFE8890600}"
EndProject
Global
	
	GlobalSection(SolutionConfigurationPlatforms) = preSolution
		Debug|Any CPU = Debug|Any CPU
		Release|Any CPU = Release|Any CPU
	EndGlobalSection
	GlobalSection(ProjectConfigurationPlatforms) = postSolution
		{6FD0BC64-F63F-4116-90D5-5297902230FC}.Debug|Any CPU.ActiveCfg = Debug|Any CPU
		{6FD0BC64-F63F-4116-90D5-5297902230FC}.Debug|Any CPU.Build.0 = Debug|Any CPU
		{6FD0BC64-F63F-4116-90D5-5297902230FC}.Release|Any CPU.ActiveCfg = Release|Any CPU
		{6FD0BC64-F63F-4116-90D5-5297902230FC}.Release|Any CPU.Build.0 = Release|Any CPU
		{5E317C07-6C99-4EA0-B25D-81880FE910A5}.Debug|Any CPU.ActiveCfg = Debug|Any CPU
		{5E317C07-6C99-4EA0-B25D-81880FE910A5}.Debug|Any CPU.Build.0 = Debug|Any CPU
		{5E317C07-6C99-4EA0-B25D-81880FE910A5}.Release|Any CPU.ActiveCfg = Release|Any CPU
		{5E317C07-6C99-4EA0-B25D-81880FE910A5}.Release|Any CPU.Build.0 = Release|Any CPU
		{7A3AEF3F-6B68-4E42-BB2B-24EFE8890600}.Debug|Any CPU.ActiveCfg = Debug|Any CPU
		{7A3AEF3F-6B68-4E42-BB2B-24EFE8890600}.Debug|Any CPU.Build.0 = Debug|Any CPU
		{7A3AEF3F-6B68-4E42-BB2B-24EFE8890600}.Release|Any CPU.ActiveCfg = Release|Any CPU
		{7A3AEF3F-6B68-4E42-BB2B-24EFE8890600}.Release|Any CPU.Build.0 = Release|Any CPU
	EndGlobalSection
	GlobalSection(SolutionProperties) = preSolution
		HideSolutionNode = FALSE
	EndGlobalSection
EndGlobal
