
Microsoft Visual Studio Solution File, Format Version 11.00
# Visual Studio 2010
Project("{CC5FD16D-436D-48AD-A40C-5A424C6E3E79}") = "CSAzureAddRegistryKeysToVMs", "CSAzureAddRegistryKeysToVMs\CSAzureAddRegistryKeysToVMs\CSAzureAddRegistryKeysToVMs.ccproj", "{C363C6E0-C3B9-44A4-BEAD-08012DD5086A}"
EndProject
Project("{FAE04EC0-301F-11D3-BF4B-00C04F79EFBC}") = "AddRegistryKeys", "CSAzureAddRegistryKeysToVMs\AddRegistryKeys\AddRegistryKeys.csproj", "{FEDE962A-330B-4266-A684-A94D6AFEA385}"
EndProject
Project("{2150E333-8FDC-42A3-9474-1A3956D46DE8}") = "Documentation", "Documentation", "{899BC2E6-427F-4A43-8FD0-1198603EC318}"
	ProjectSection(SolutionItems) = preProject
		CSAzureAddRegistryKeysToVMs\Documentation\ReadMe.htm = CSAzureAddRegistryKeysToVMs\Documentation\ReadMe.htm
	EndProjectSection
EndProject
Global
	GlobalSection(SolutionConfigurationPlatforms) = preSolution
		Debug|Any CPU = Debug|Any CPU
		Release|Any CPU = Release|Any CPU
	EndGlobalSection
	GlobalSection(ProjectConfigurationPlatforms) = postSolution
		{C363C6E0-C3B9-44A4-BEAD-08012DD5086A}.Debug|Any CPU.ActiveCfg = Debug|Any CPU
		{C363C6E0-C3B9-44A4-BEAD-08012DD5086A}.Debug|Any CPU.Build.0 = Debug|Any CPU
		{C363C6E0-C3B9-44A4-BEAD-08012DD5086A}.Release|Any CPU.ActiveCfg = Release|Any CPU
		{C363C6E0-C3B9-44A4-BEAD-08012DD5086A}.Release|Any CPU.Build.0 = Release|Any CPU
		{FEDE962A-330B-4266-A684-A94D6AFEA385}.Debug|Any CPU.ActiveCfg = Debug|Any CPU
		{FEDE962A-330B-4266-A684-A94D6AFEA385}.Debug|Any CPU.Build.0 = Debug|Any CPU
		{FEDE962A-330B-4266-A684-A94D6AFEA385}.Release|Any CPU.ActiveCfg = Release|Any CPU
		{FEDE962A-330B-4266-A684-A94D6AFEA385}.Release|Any CPU.Build.0 = Release|Any CPU
	EndGlobalSection
	GlobalSection(SolutionProperties) = preSolution
		HideSolutionNode = FALSE
	EndGlobalSection
EndGlobal
