
Microsoft Visual Studio Solution File, Format Version 11.00
# Visual Studio 2010
Project("{FAE04EC0-301F-11D3-BF4B-00C04F79EFBC}") = "ScheduledDemoTaskAgent", "CSWP7ScheduledTaskAgent\ScheduledDemoTaskAgent\ScheduledDemoTaskAgent.csproj", "{B0CD2BBE-8109-4324-92B2-FE88079D6DCD}"
EndProject
Project("{FAE04EC0-301F-11D3-BF4B-00C04F79EFBC}") = "ScheduledDemo", "CSWP7ScheduledTaskAgent\ScheduledDemo\ScheduledDemo.csproj", "{B673B0BB-8981-404B-85B3-75D42ECD1450}"
EndProject
Global
	GlobalSection(SolutionConfigurationPlatforms) = preSolution
		Debug|Any CPU = Debug|Any CPU
		Release|Any CPU = Release|Any CPU
	EndGlobalSection
	GlobalSection(ProjectConfigurationPlatforms) = postSolution
		{B0CD2BBE-8109-4324-92B2-FE88079D6DCD}.Debug|Any CPU.ActiveCfg = Debug|Any CPU
		{B0CD2BBE-8109-4324-92B2-FE88079D6DCD}.Debug|Any CPU.Build.0 = Debug|Any CPU
		{B0CD2BBE-8109-4324-92B2-FE88079D6DCD}.Release|Any CPU.ActiveCfg = Release|Any CPU
		{B0CD2BBE-8109-4324-92B2-FE88079D6DCD}.Release|Any CPU.Build.0 = Release|Any CPU
		{B673B0BB-8981-404B-85B3-75D42ECD1450}.Debug|Any CPU.ActiveCfg = Debug|Any CPU
		{B673B0BB-8981-404B-85B3-75D42ECD1450}.Debug|Any CPU.Build.0 = Debug|Any CPU
		{B673B0BB-8981-404B-85B3-75D42ECD1450}.Debug|Any CPU.Deploy.0 = Debug|Any CPU
		{B673B0BB-8981-404B-85B3-75D42ECD1450}.Release|Any CPU.ActiveCfg = Release|Any CPU
		{B673B0BB-8981-404B-85B3-75D42ECD1450}.Release|Any CPU.Build.0 = Release|Any CPU
		{B673B0BB-8981-404B-85B3-75D42ECD1450}.Release|Any CPU.Deploy.0 = Release|Any CPU
	EndGlobalSection
	GlobalSection(SolutionProperties) = preSolution
		HideSolutionNode = FALSE
	EndGlobalSection
EndGlobal
