
Microsoft Visual Studio Solution File, Format Version 12.00
# Visual Studio 2012
Project("{FAE04EC0-301F-11D3-BF4B-00C04F79EFBC}") = "CSHyperVCloneVM", "CSHyperVCloneVM\CSHyperVCloneVM.csproj", "{6208F4F7-A258-43D9-BB3F-F1FD5483AF26}"
EndProject
Global
	
	GlobalSection(SolutionConfigurationPlatforms) = preSolution
		Debug|Any CPU = Debug|Any CPU
		Release|Any CPU = Release|Any CPU
	EndGlobalSection
	GlobalSection(ProjectConfigurationPlatforms) = postSolution
		{6208F4F7-A258-43D9-BB3F-F1FD5483AF26}.Debug|Any CPU.ActiveCfg = Debug|Any CPU
		{6208F4F7-A258-43D9-BB3F-F1FD5483AF26}.Debug|Any CPU.Build.0 = Debug|Any CPU
		{6208F4F7-A258-43D9-BB3F-F1FD5483AF26}.Release|Any CPU.ActiveCfg = Release|Any CPU
		{6208F4F7-A258-43D9-BB3F-F1FD5483AF26}.Release|Any CPU.Build.0 = Release|Any CPU
	EndGlobalSection
	GlobalSection(SolutionProperties) = preSolution
		HideSolutionNode = FALSE
	EndGlobalSection
EndGlobal
