
Microsoft Visual Studio Solution File, Format Version 11.00
# Visual Studio 2010
Project("{F184B08F-C81C-45F6-A57F-5ABD9991F28F}") = "VBASPNETAccessResourceInAssembly", "VBASPNETAccessResourceInAssembly\VBASPNETAccessResourceInAssembly.vbproj", "{33FA08B7-4218-4206-A137-3E5A7BA7E60C}"
EndProject
Project("{F184B08F-C81C-45F6-A57F-5ABD9991F28F}") = "VBASPNETAssembly", "VBASPNETAssembly\VBASPNETAssembly.vbproj", "{4273F03E-C030-4F2D-AC60-454D22219430}"
EndProject
Global
	
	GlobalSection(SolutionConfigurationPlatforms) = preSolution
		Debug|Any CPU = Debug|Any CPU
		Release|Any CPU = Release|Any CPU
	EndGlobalSection
	GlobalSection(ProjectConfigurationPlatforms) = postSolution
		{33FA08B7-4218-4206-A137-3E5A7BA7E60C}.Debug|Any CPU.ActiveCfg = Debug|Any CPU
		{33FA08B7-4218-4206-A137-3E5A7BA7E60C}.Debug|Any CPU.Build.0 = Debug|Any CPU
		{33FA08B7-4218-4206-A137-3E5A7BA7E60C}.Release|Any CPU.ActiveCfg = Release|Any CPU
		{33FA08B7-4218-4206-A137-3E5A7BA7E60C}.Release|Any CPU.Build.0 = Release|Any CPU
		{4273F03E-C030-4F2D-AC60-454D22219430}.Debug|Any CPU.ActiveCfg = Debug|Any CPU
		{4273F03E-C030-4F2D-AC60-454D22219430}.Debug|Any CPU.Build.0 = Debug|Any CPU
		{4273F03E-C030-4F2D-AC60-454D22219430}.Release|Any CPU.ActiveCfg = Release|Any CPU
		{4273F03E-C030-4F2D-AC60-454D22219430}.Release|Any CPU.Build.0 = Release|Any CPU
	EndGlobalSection
	GlobalSection(SolutionProperties) = preSolution
		HideSolutionNode = FALSE
	EndGlobalSection
EndGlobal
