
Microsoft Visual Studio Solution File, Format Version 11.00
# Visual Studio 2010
Project("{FAE04EC0-301F-11D3-BF4B-00C04F79EFBC}") = "CSASPNETGloablizationInAssembly", "CSASPNETGloablizationInAssembly\CSASPNETGloablizationInAssembly\CSASPNETGloablizationInAssembly.csproj", "{E9D08FF1-0395-4E11-ADEC-02D96DC3F7E5}"
EndProject
Project("{FAE04EC0-301F-11D3-BF4B-00C04F79EFBC}") = "CSASPNETGloablizationInAssemblyResource", "CSASPNETGloablizationInAssembly\CSASPNETGloablizationInAssemblyResource\CSASPNETGloablizationInAssemblyResource.csproj", "{EC68AD62-8D87-45FC-83CA-46EC9FF804D3}"
EndProject
Global
	GlobalSection(SolutionConfigurationPlatforms) = preSolution
		Debug|Any CPU = Debug|Any CPU
		Release|Any CPU = Release|Any CPU
	EndGlobalSection
	GlobalSection(ProjectConfigurationPlatforms) = postSolution
		{E9D08FF1-0395-4E11-ADEC-02D96DC3F7E5}.Debug|Any CPU.ActiveCfg = Debug|Any CPU
		{E9D08FF1-0395-4E11-ADEC-02D96DC3F7E5}.Debug|Any CPU.Build.0 = Debug|Any CPU
		{E9D08FF1-0395-4E11-ADEC-02D96DC3F7E5}.Release|Any CPU.ActiveCfg = Release|Any CPU
		{E9D08FF1-0395-4E11-ADEC-02D96DC3F7E5}.Release|Any CPU.Build.0 = Release|Any CPU
		{EC68AD62-8D87-45FC-83CA-46EC9FF804D3}.Debug|Any CPU.ActiveCfg = Debug|Any CPU
		{EC68AD62-8D87-45FC-83CA-46EC9FF804D3}.Debug|Any CPU.Build.0 = Debug|Any CPU
		{EC68AD62-8D87-45FC-83CA-46EC9FF804D3}.Release|Any CPU.ActiveCfg = Release|Any CPU
		{EC68AD62-8D87-45FC-83CA-46EC9FF804D3}.Release|Any CPU.Build.0 = Release|Any CPU
	EndGlobalSection
	GlobalSection(SolutionProperties) = preSolution
		HideSolutionNode = FALSE
	EndGlobalSection
EndGlobal
