
Microsoft Visual Studio Solution File, Format Version 12.00
# Visual Studio 2012
Project("{2150E333-8FDC-42A3-9474-1A3956D46DE8}") = "Documentation", "Documentation", "{0BA32034-ED06-49A1-8ADE-6B66C1F28ABB}"
	ProjectSection(SolutionItems) = preProject
		VBAzureRetryCache\Documentation\ReadMe.htm = VBAzureRetryCache\Documentation\ReadMe.htm
	EndProjectSection
EndProject
Project("{CC5FD16D-436D-48AD-A40C-5A424C6E3E79}") = "VBAzureRetryCache", "VBAzureRetryCache\VBAzureRetryCache\VBAzureRetryCache.ccproj", "{5489E4B5-CFC3-4050-97AC-18FEF134C4CD}"
EndProject
Project("{F184B08F-C81C-45F6-A57F-5ABD9991F28F}") = "RetryCacheRole", "VBAzureRetryCache\RetryCacheRole\RetryCacheRole.vbproj", "{AD789650-D418-4B4F-84B6-DDDD041F9A9C}"
EndProject
Global
	GlobalSection(SolutionConfigurationPlatforms) = preSolution
		Debug|Any CPU = Debug|Any CPU
		Release|Any CPU = Release|Any CPU
	EndGlobalSection
	GlobalSection(ProjectConfigurationPlatforms) = postSolution
		{5489E4B5-CFC3-4050-97AC-18FEF134C4CD}.Debug|Any CPU.ActiveCfg = Debug|Any CPU
		{5489E4B5-CFC3-4050-97AC-18FEF134C4CD}.Debug|Any CPU.Build.0 = Debug|Any CPU
		{5489E4B5-CFC3-4050-97AC-18FEF134C4CD}.Release|Any CPU.ActiveCfg = Release|Any CPU
		{5489E4B5-CFC3-4050-97AC-18FEF134C4CD}.Release|Any CPU.Build.0 = Release|Any CPU
		{AD789650-D418-4B4F-84B6-DDDD041F9A9C}.Debug|Any CPU.ActiveCfg = Debug|Any CPU
		{AD789650-D418-4B4F-84B6-DDDD041F9A9C}.Debug|Any CPU.Build.0 = Debug|Any CPU
		{AD789650-D418-4B4F-84B6-DDDD041F9A9C}.Release|Any CPU.ActiveCfg = Release|Any CPU
		{AD789650-D418-4B4F-84B6-DDDD041F9A9C}.Release|Any CPU.Build.0 = Release|Any CPU
	EndGlobalSection
	GlobalSection(SolutionProperties) = preSolution
		HideSolutionNode = FALSE
	EndGlobalSection
	GlobalSection(ExtensibilityGlobals) = postSolution
		EnterpriseLibraryConfigurationToolBinariesPath = packages\Unity.2.1.505.0\lib\NET35;packages\Unity.Interception.2.1.505.0\lib\NET35;packages\EnterpriseLibrary.Common.5.0.505.0\lib\NET35;packages\TransientFaultHandling.Core.5.0.1118.0\lib\NET35;packages\EnterpriseLibrary.WindowsAzure.TransientFaultHandling.5.0.1118.1\lib\NET4;packages\EnterpriseLibrary.WindowsAzure.TransientFaultHandling.5.0.1118.1\DesignTime
	EndGlobalSection
EndGlobal
