
Microsoft Visual Studio Solution File, Format Version 12.00
# Visual Studio 2012
Project("{FAE04EC0-301F-11D3-BF4B-00C04F79EFBC}") = "CSWindowsStoreAppDeviceClient", "CSWindowsStoreAppASHWID\CSWindowsStoreAppDeviceClient\CSWindowsStoreAppDeviceClient.csproj", "{5E01366D-AEC6-49E8-A4BE-23B860BCECE1}"
EndProject
Project("{FAE04EC0-301F-11D3-BF4B-00C04F79EFBC}") = "CSWindowsStoreAppDeviceService", "CSWindowsStoreAppASHWID\CSWindowsStoreAppDeviceService\CSWindowsStoreAppDeviceService.csproj", "{9799D5DE-5F45-424D-BC8C-2CFB5FD9B6BB}"
EndProject
Global
	
	GlobalSection(SolutionConfigurationPlatforms) = preSolution
		Debug|Any CPU = Debug|Any CPU
		Debug|ARM = Debug|ARM
		Debug|x64 = Debug|x64
		Debug|x86 = Debug|x86
		Release|Any CPU = Release|Any CPU
		Release|ARM = Release|ARM
		Release|x64 = Release|x64
		Release|x86 = Release|x86
	EndGlobalSection
	GlobalSection(ProjectConfigurationPlatforms) = postSolution
		{5E01366D-AEC6-49E8-A4BE-23B860BCECE1}.Debug|Any CPU.ActiveCfg = Debug|Any CPU
		{5E01366D-AEC6-49E8-A4BE-23B860BCECE1}.Debug|Any CPU.Build.0 = Debug|Any CPU
		{5E01366D-AEC6-49E8-A4BE-23B860BCECE1}.Debug|Any CPU.Deploy.0 = Debug|Any CPU
		{5E01366D-AEC6-49E8-A4BE-23B860BCECE1}.Debug|ARM.ActiveCfg = Debug|ARM
		{5E01366D-AEC6-49E8-A4BE-23B860BCECE1}.Debug|ARM.Build.0 = Debug|ARM
		{5E01366D-AEC6-49E8-A4BE-23B860BCECE1}.Debug|ARM.Deploy.0 = Debug|ARM
		{5E01366D-AEC6-49E8-A4BE-23B860BCECE1}.Debug|x64.ActiveCfg = Debug|x64
		{5E01366D-AEC6-49E8-A4BE-23B860BCECE1}.Debug|x64.Build.0 = Debug|x64
		{5E01366D-AEC6-49E8-A4BE-23B860BCECE1}.Debug|x64.Deploy.0 = Debug|x64
		{5E01366D-AEC6-49E8-A4BE-23B860BCECE1}.Debug|x86.ActiveCfg = Debug|x86
		{5E01366D-AEC6-49E8-A4BE-23B860BCECE1}.Debug|x86.Build.0 = Debug|x86
		{5E01366D-AEC6-49E8-A4BE-23B860BCECE1}.Debug|x86.Deploy.0 = Debug|x86
		{5E01366D-AEC6-49E8-A4BE-23B860BCECE1}.Release|Any CPU.ActiveCfg = Release|Any CPU
		{5E01366D-AEC6-49E8-A4BE-23B860BCECE1}.Release|Any CPU.Build.0 = Release|Any CPU
		{5E01366D-AEC6-49E8-A4BE-23B860BCECE1}.Release|Any CPU.Deploy.0 = Release|Any CPU
		{5E01366D-AEC6-49E8-A4BE-23B860BCECE1}.Release|ARM.ActiveCfg = Release|ARM
		{5E01366D-AEC6-49E8-A4BE-23B860BCECE1}.Release|ARM.Build.0 = Release|ARM
		{5E01366D-AEC6-49E8-A4BE-23B860BCECE1}.Release|ARM.Deploy.0 = Release|ARM
		{5E01366D-AEC6-49E8-A4BE-23B860BCECE1}.Release|x64.ActiveCfg = Release|x64
		{5E01366D-AEC6-49E8-A4BE-23B860BCECE1}.Release|x64.Build.0 = Release|x64
		{5E01366D-AEC6-49E8-A4BE-23B860BCECE1}.Release|x64.Deploy.0 = Release|x64
		{5E01366D-AEC6-49E8-A4BE-23B860BCECE1}.Release|x86.ActiveCfg = Release|x86
		{5E01366D-AEC6-49E8-A4BE-23B860BCECE1}.Release|x86.Build.0 = Release|x86
		{5E01366D-AEC6-49E8-A4BE-23B860BCECE1}.Release|x86.Deploy.0 = Release|x86
		{9799D5DE-5F45-424D-BC8C-2CFB5FD9B6BB}.Debug|Any CPU.ActiveCfg = Debug|Any CPU
		{9799D5DE-5F45-424D-BC8C-2CFB5FD9B6BB}.Debug|Any CPU.Build.0 = Debug|Any CPU
		{9799D5DE-5F45-424D-BC8C-2CFB5FD9B6BB}.Debug|ARM.ActiveCfg = Debug|Any CPU
		{9799D5DE-5F45-424D-BC8C-2CFB5FD9B6BB}.Debug|x64.ActiveCfg = Debug|Any CPU
		{9799D5DE-5F45-424D-BC8C-2CFB5FD9B6BB}.Debug|x86.ActiveCfg = Debug|Any CPU
		{9799D5DE-5F45-424D-BC8C-2CFB5FD9B6BB}.Release|Any CPU.ActiveCfg = Release|Any CPU
		{9799D5DE-5F45-424D-BC8C-2CFB5FD9B6BB}.Release|Any CPU.Build.0 = Release|Any CPU
		{9799D5DE-5F45-424D-BC8C-2CFB5FD9B6BB}.Release|ARM.ActiveCfg = Release|Any CPU
		{9799D5DE-5F45-424D-BC8C-2CFB5FD9B6BB}.Release|x64.ActiveCfg = Release|Any CPU
		{9799D5DE-5F45-424D-BC8C-2CFB5FD9B6BB}.Release|x86.ActiveCfg = Release|Any CPU
	EndGlobalSection
	GlobalSection(SolutionProperties) = preSolution
		HideSolutionNode = FALSE
	EndGlobalSection
EndGlobal
