
Microsoft Visual Studio Solution File, Format Version 11.00
# Visual Studio 2010
Project("{CC5FD16D-436D-48AD-A40C-5A424C6E3E79}") = "CSAzureTransferringCustomIISLogs", "CSAzureTransferringCustomIISLogs\CSAzureTransferringCustomIISLogs.ccproj", "{3EBBB104-34A5-49E6-88F8-C224C597895E}"
EndProject
Project("{FAE04EC0-301F-11D3-BF4B-00C04F79EFBC}") = "AzureTransferringCustomIISLogs", "CSAzureTransferringCustomIISLogs\AzureTransferringCustomIISLogs\AzureTransferringCustomIISLogs.csproj", "{0AFDF866-7585-4E9A-9F9E-E51688138942}"
EndProject
Global
	
	GlobalSection(SolutionConfigurationPlatforms) = preSolution
		Debug|Any CPU = Debug|Any CPU
		Release|Any CPU = Release|Any CPU
	EndGlobalSection
	GlobalSection(ProjectConfigurationPlatforms) = postSolution
		{3EBBB104-34A5-49E6-88F8-C224C597895E}.Debug|Any CPU.ActiveCfg = Debug|Any CPU
		{3EBBB104-34A5-49E6-88F8-C224C597895E}.Debug|Any CPU.Build.0 = Debug|Any CPU
		{3EBBB104-34A5-49E6-88F8-C224C597895E}.Release|Any CPU.ActiveCfg = Release|Any CPU
		{3EBBB104-34A5-49E6-88F8-C224C597895E}.Release|Any CPU.Build.0 = Release|Any CPU
		{0AFDF866-7585-4E9A-9F9E-E51688138942}.Debug|Any CPU.ActiveCfg = Debug|Any CPU
		{0AFDF866-7585-4E9A-9F9E-E51688138942}.Debug|Any CPU.Build.0 = Debug|Any CPU
		{0AFDF866-7585-4E9A-9F9E-E51688138942}.Release|Any CPU.ActiveCfg = Release|Any CPU
		{0AFDF866-7585-4E9A-9F9E-E51688138942}.Release|Any CPU.Build.0 = Release|Any CPU
	EndGlobalSection
	GlobalSection(SolutionProperties) = preSolution
		HideSolutionNode = FALSE
	EndGlobalSection
EndGlobal
