
Microsoft Visual Studio Solution File, Format Version 12.00
# Visual Studio 2012
Project("{CC5FD16D-436D-48AD-A40C-5A424C6E3E79}") = "CSAzureGetTableSchemaWithDynamicEntity", "CSAzureGetTableSchemaWithDynamicEntity\CSAzureGetTableSchemaWithDynamicEntity.ccproj", "{2648464B-AF48-44B1-B09B-4F03705CDD85}"
EndProject
Project("{FAE04EC0-301F-11D3-BF4B-00C04F79EFBC}") = "GetTableSchemaWithDynamicEntity", "CSAzureGetTableSchemaWithDynamicEntity\GetTableSchemaWithDynamicEntity\GetTableSchemaWithDynamicEntity.csproj", "{F6AA82BD-8CB8-49FE-9BF5-4393197F9276}"
EndProject
Project("{2150E333-8FDC-42A3-9474-1A3956D46DE8}") = "Documentation", "Documentation", "{DFFE61C8-E391-4479-8609-49EF5EA08F0D}"
	ProjectSection(SolutionItems) = preProject
		CSAzureGetTableSchemaWithDynamicEntity\Documentation\ReadMe.htm = CSAzureGetTableSchemaWithDynamicEntity\Documentation\ReadMe.htm
	EndProjectSection
EndProject
Global
	
	GlobalSection(SolutionConfigurationPlatforms) = preSolution
		Debug|Any CPU = Debug|Any CPU
		Release|Any CPU = Release|Any CPU
	EndGlobalSection
	GlobalSection(ProjectConfigurationPlatforms) = postSolution
		{2648464B-AF48-44B1-B09B-4F03705CDD85}.Debug|Any CPU.ActiveCfg = Debug|Any CPU
		{2648464B-AF48-44B1-B09B-4F03705CDD85}.Debug|Any CPU.Build.0 = Debug|Any CPU
		{2648464B-AF48-44B1-B09B-4F03705CDD85}.Release|Any CPU.ActiveCfg = Release|Any CPU
		{2648464B-AF48-44B1-B09B-4F03705CDD85}.Release|Any CPU.Build.0 = Release|Any CPU
		{F6AA82BD-8CB8-49FE-9BF5-4393197F9276}.Debug|Any CPU.ActiveCfg = Debug|Any CPU
		{F6AA82BD-8CB8-49FE-9BF5-4393197F9276}.Debug|Any CPU.Build.0 = Debug|Any CPU
		{F6AA82BD-8CB8-49FE-9BF5-4393197F9276}.Release|Any CPU.ActiveCfg = Release|Any CPU
		{F6AA82BD-8CB8-49FE-9BF5-4393197F9276}.Release|Any CPU.Build.0 = Release|Any CPU
	EndGlobalSection
	GlobalSection(SolutionProperties) = preSolution
		HideSolutionNode = FALSE
	EndGlobalSection
EndGlobal
