
Microsoft Visual Studio Solution File, Format Version 12.00
# Visual Studio 2012
Project("{F184B08F-C81C-45F6-A57F-5ABD9991F28F}") = "VBWindowsStoreAppAccessSQLServer", "VBWindowsStoreAppAccessSQLServer\VBWindowsStoreAppAccessSQLServer.vbproj", "{FC70CAAA-BB55-4A59-9DD8-4EC243A306B1}"
	ProjectSection(ProjectDependencies) = postProject
		{39AD9F23-8793-41CB-AAB3-2E036F489161} = {39AD9F23-8793-41CB-AAB3-2E036F489161}
	EndProjectSection
EndProject
Project("{F184B08F-C81C-45F6-A57F-5ABD9991F28F}") = "AccessSQLService", "VBWindowsStoreAppAccessSQLServer\AccessSQLService\AccessSQLService.vbproj", "{39AD9F23-8793-41CB-AAB3-2E036F489161}"
EndProject
Global
	
	GlobalSection(SolutionConfigurationPlatforms) = preSolution
		Debug|Any CPU = Debug|Any CPU
		Debug|ARM = Debug|ARM
		Debug|x64 = Debug|x64
		Debug|x86 = Debug|x86
		Release|Any CPU = Release|Any CPU
		Release|ARM = Release|ARM
		Release|x64 = Release|x64
		Release|x86 = Release|x86
	EndGlobalSection
	GlobalSection(ProjectConfigurationPlatforms) = postSolution
		{FC70CAAA-BB55-4A59-9DD8-4EC243A306B1}.Debug|Any CPU.ActiveCfg = Debug|Any CPU
		{FC70CAAA-BB55-4A59-9DD8-4EC243A306B1}.Debug|Any CPU.Build.0 = Debug|Any CPU
		{FC70CAAA-BB55-4A59-9DD8-4EC243A306B1}.Debug|Any CPU.Deploy.0 = Debug|Any CPU
		{FC70CAAA-BB55-4A59-9DD8-4EC243A306B1}.Debug|ARM.ActiveCfg = Debug|ARM
		{FC70CAAA-BB55-4A59-9DD8-4EC243A306B1}.Debug|ARM.Build.0 = Debug|ARM
		{FC70CAAA-BB55-4A59-9DD8-4EC243A306B1}.Debug|ARM.Deploy.0 = Debug|ARM
		{FC70CAAA-BB55-4A59-9DD8-4EC243A306B1}.Debug|x64.ActiveCfg = Debug|x64
		{FC70CAAA-BB55-4A59-9DD8-4EC243A306B1}.Debug|x64.Build.0 = Debug|x64
		{FC70CAAA-BB55-4A59-9DD8-4EC243A306B1}.Debug|x64.Deploy.0 = Debug|x64
		{FC70CAAA-BB55-4A59-9DD8-4EC243A306B1}.Debug|x86.ActiveCfg = Debug|x86
		{FC70CAAA-BB55-4A59-9DD8-4EC243A306B1}.Debug|x86.Build.0 = Debug|x86
		{FC70CAAA-BB55-4A59-9DD8-4EC243A306B1}.Debug|x86.Deploy.0 = Debug|x86
		{FC70CAAA-BB55-4A59-9DD8-4EC243A306B1}.Release|Any CPU.ActiveCfg = Release|Any CPU
		{FC70CAAA-BB55-4A59-9DD8-4EC243A306B1}.Release|Any CPU.Build.0 = Release|Any CPU
		{FC70CAAA-BB55-4A59-9DD8-4EC243A306B1}.Release|Any CPU.Deploy.0 = Release|Any CPU
		{FC70CAAA-BB55-4A59-9DD8-4EC243A306B1}.Release|ARM.ActiveCfg = Release|ARM
		{FC70CAAA-BB55-4A59-9DD8-4EC243A306B1}.Release|ARM.Build.0 = Release|ARM
		{FC70CAAA-BB55-4A59-9DD8-4EC243A306B1}.Release|ARM.Deploy.0 = Release|ARM
		{FC70CAAA-BB55-4A59-9DD8-4EC243A306B1}.Release|x64.ActiveCfg = Release|x64
		{FC70CAAA-BB55-4A59-9DD8-4EC243A306B1}.Release|x64.Build.0 = Release|x64
		{FC70CAAA-BB55-4A59-9DD8-4EC243A306B1}.Release|x64.Deploy.0 = Release|x64
		{FC70CAAA-BB55-4A59-9DD8-4EC243A306B1}.Release|x86.ActiveCfg = Release|x86
		{FC70CAAA-BB55-4A59-9DD8-4EC243A306B1}.Release|x86.Build.0 = Release|x86
		{FC70CAAA-BB55-4A59-9DD8-4EC243A306B1}.Release|x86.Deploy.0 = Release|x86
		{39AD9F23-8793-41CB-AAB3-2E036F489161}.Debug|Any CPU.ActiveCfg = Debug|Any CPU
		{39AD9F23-8793-41CB-AAB3-2E036F489161}.Debug|Any CPU.Build.0 = Debug|Any CPU
		{39AD9F23-8793-41CB-AAB3-2E036F489161}.Debug|ARM.ActiveCfg = Debug|Any CPU
		{39AD9F23-8793-41CB-AAB3-2E036F489161}.Debug|x64.ActiveCfg = Debug|Any CPU
		{39AD9F23-8793-41CB-AAB3-2E036F489161}.Debug|x86.ActiveCfg = Debug|Any CPU
		{39AD9F23-8793-41CB-AAB3-2E036F489161}.Release|Any CPU.ActiveCfg = Release|Any CPU
		{39AD9F23-8793-41CB-AAB3-2E036F489161}.Release|Any CPU.Build.0 = Release|Any CPU
		{39AD9F23-8793-41CB-AAB3-2E036F489161}.Release|ARM.ActiveCfg = Release|Any CPU
		{39AD9F23-8793-41CB-AAB3-2E036F489161}.Release|x64.ActiveCfg = Release|Any CPU
		{39AD9F23-8793-41CB-AAB3-2E036F489161}.Release|x86.ActiveCfg = Release|Any CPU
	EndGlobalSection
	GlobalSection(SolutionProperties) = preSolution
		HideSolutionNode = FALSE
	EndGlobalSection
EndGlobal
