
Microsoft Visual Studio Solution File, Format Version 10.00
# Visual Studio 2008
Project("{FAE04EC0-301F-11D3-BF4B-00C04F79EFBC}") = "CSIEExplorerBar", "CSIEExplorerBar\CSIEExplorerBar.csproj", "{BE6090F1-AAAA-473B-8BDB-5DC90E45F4D3}"
EndProject
Project("{54435603-DBB4-11D2-8724-00A0C9A8B90C}") = "CSIEExplorerBarSetup(x64)", "CSIEExplorerBar\CSIEExplorerBarSetup(x64)\CSIEExplorerBarSetup(x64).vdproj", "{5F851C9D-4772-4D08-83DA-2B00786EC8E3}"
EndProject
Project("{54435603-DBB4-11D2-8724-00A0C9A8B90C}") = "CSIEExplorerBarSetup(x86)", "CSIEExplorerBar\CSIEExplorerBarSetup(x86)\CSIEExplorerBarSetup(x86).vdproj", "{0A1C0212-7DE0-4362-90A6-4596767DBA63}"
EndProject
Global
	GlobalSection(SolutionConfigurationPlatforms) = preSolution
		Debug|Any CPU = Debug|Any CPU
		Debug|x64 = Debug|x64
		Debug|x86 = Debug|x86
		Release|Any CPU = Release|Any CPU
		Release|x64 = Release|x64
		Release|x86 = Release|x86
	EndGlobalSection
	GlobalSection(ProjectConfigurationPlatforms) = postSolution
		{BE6090F1-AAAA-473B-8BDB-5DC90E45F4D3}.Debug|Any CPU.ActiveCfg = Debug|Any CPU
		{BE6090F1-AAAA-473B-8BDB-5DC90E45F4D3}.Debug|Any CPU.Build.0 = Debug|Any CPU
		{BE6090F1-AAAA-473B-8BDB-5DC90E45F4D3}.Debug|x64.ActiveCfg = Debug|x64
		{BE6090F1-AAAA-473B-8BDB-5DC90E45F4D3}.Debug|x64.Build.0 = Debug|x64
		{BE6090F1-AAAA-473B-8BDB-5DC90E45F4D3}.Debug|x86.ActiveCfg = Debug|x86
		{BE6090F1-AAAA-473B-8BDB-5DC90E45F4D3}.Debug|x86.Build.0 = Debug|x86
		{BE6090F1-AAAA-473B-8BDB-5DC90E45F4D3}.Release|Any CPU.ActiveCfg = Release|Any CPU
		{BE6090F1-AAAA-473B-8BDB-5DC90E45F4D3}.Release|Any CPU.Build.0 = Release|Any CPU
		{BE6090F1-AAAA-473B-8BDB-5DC90E45F4D3}.Release|x64.ActiveCfg = Release|x64
		{BE6090F1-AAAA-473B-8BDB-5DC90E45F4D3}.Release|x64.Build.0 = Release|x64
		{BE6090F1-AAAA-473B-8BDB-5DC90E45F4D3}.Release|x86.ActiveCfg = Release|x86
		{BE6090F1-AAAA-473B-8BDB-5DC90E45F4D3}.Release|x86.Build.0 = Release|x86
		{5F851C9D-4772-4D08-83DA-2B00786EC8E3}.Debug|Any CPU.ActiveCfg = Debug
		{5F851C9D-4772-4D08-83DA-2B00786EC8E3}.Debug|x64.ActiveCfg = Debug
		{5F851C9D-4772-4D08-83DA-2B00786EC8E3}.Debug|x64.Build.0 = Debug
		{5F851C9D-4772-4D08-83DA-2B00786EC8E3}.Debug|x86.ActiveCfg = Debug
		{5F851C9D-4772-4D08-83DA-2B00786EC8E3}.Release|Any CPU.ActiveCfg = Release
		{5F851C9D-4772-4D08-83DA-2B00786EC8E3}.Release|x64.ActiveCfg = Release
		{5F851C9D-4772-4D08-83DA-2B00786EC8E3}.Release|x86.ActiveCfg = Release
		{0A1C0212-7DE0-4362-90A6-4596767DBA63}.Debug|Any CPU.ActiveCfg = Debug
		{0A1C0212-7DE0-4362-90A6-4596767DBA63}.Debug|x64.ActiveCfg = Debug
		{0A1C0212-7DE0-4362-90A6-4596767DBA63}.Debug|x86.ActiveCfg = Debug
		{0A1C0212-7DE0-4362-90A6-4596767DBA63}.Debug|x86.Build.0 = Debug
		{0A1C0212-7DE0-4362-90A6-4596767DBA63}.Release|Any CPU.ActiveCfg = Release
		{0A1C0212-7DE0-4362-90A6-4596767DBA63}.Release|x64.ActiveCfg = Release
		{0A1C0212-7DE0-4362-90A6-4596767DBA63}.Release|x86.ActiveCfg = Release
	EndGlobalSection
	GlobalSection(SolutionProperties) = preSolution
		HideSolutionNode = FALSE
	EndGlobalSection
EndGlobal
