
Microsoft Visual Studio Solution File, Format Version 11.00
# Visual Studio 2010
Project("{F184B08F-C81C-45F6-A57F-5ABD9991F28F}") = "VBSL4FragmentSearch", "VBSL4FragmentSearch\VBSL4FragmentSearch.vbproj", "{A79C04AA-CF4C-42BD-971F-AE823E119AFB}"
EndProject
Global
	GlobalSection(SolutionConfigurationPlatforms) = preSolution
		Debug|Any CPU = Debug|Any CPU
		Release|Any CPU = Release|Any CPU
	EndGlobalSection
	GlobalSection(ProjectConfigurationPlatforms) = postSolution
		{A79C04AA-CF4C-42BD-971F-AE823E119AFB}.Debug|Any CPU.ActiveCfg = Debug|Any CPU
		{A79C04AA-CF4C-42BD-971F-AE823E119AFB}.Debug|Any CPU.Build.0 = Debug|Any CPU
		{A79C04AA-CF4C-42BD-971F-AE823E119AFB}.Release|Any CPU.ActiveCfg = Release|Any CPU
		{A79C04AA-CF4C-42BD-971F-AE823E119AFB}.Release|Any CPU.Build.0 = Release|Any CPU
	EndGlobalSection
	GlobalSection(SolutionProperties) = preSolution
		HideSolutionNode = FALSE
	EndGlobalSection
EndGlobal
