
Microsoft Visual Studio Solution File, Format Version 12.00
# Visual Studio 2012
Project("{F184B08F-C81C-45F6-A57F-5ABD9991F28F}") = "VBASPNETAccessResourceInAssembly", "VBASPNETAccessResourceInAssembly\VBASPNETAccessResourceInAssembly\VBASPNETAccessResourceInAssembly.vbproj", "{75F49DD1-033C-40D9-9575-6D5277F08942}"
EndProject
Project("{F184B08F-C81C-45F6-A57F-5ABD9991F28F}") = "VBASPNETAssembly", "VBASPNETAccessResourceInAssembly\VBASPNETAssembly\VBASPNETAssembly.vbproj", "{27310F88-270E-468A-84E9-974361B6CADD}"
EndProject
Global
	
	GlobalSection(SolutionConfigurationPlatforms) = preSolution
		Debug|Any CPU = Debug|Any CPU
		Release|Any CPU = Release|Any CPU
	EndGlobalSection
	GlobalSection(ProjectConfigurationPlatforms) = postSolution
		{75F49DD1-033C-40D9-9575-6D5277F08942}.Debug|Any CPU.ActiveCfg = Debug|Any CPU
		{75F49DD1-033C-40D9-9575-6D5277F08942}.Debug|Any CPU.Build.0 = Debug|Any CPU
		{75F49DD1-033C-40D9-9575-6D5277F08942}.Release|Any CPU.ActiveCfg = Release|Any CPU
		{75F49DD1-033C-40D9-9575-6D5277F08942}.Release|Any CPU.Build.0 = Release|Any CPU
		{27310F88-270E-468A-84E9-974361B6CADD}.Debug|Any CPU.ActiveCfg = Debug|Any CPU
		{27310F88-270E-468A-84E9-974361B6CADD}.Debug|Any CPU.Build.0 = Debug|Any CPU
		{27310F88-270E-468A-84E9-974361B6CADD}.Release|Any CPU.ActiveCfg = Release|Any CPU
		{27310F88-270E-468A-84E9-974361B6CADD}.Release|Any CPU.Build.0 = Release|Any CPU
	EndGlobalSection
	GlobalSection(SolutionProperties) = preSolution
		HideSolutionNode = FALSE
	EndGlobalSection
EndGlobal
